
Microsoft Visual Studio Solution File, Format Version 12.00
# Visual Studio Version 17
VisualStudioVersion = 17.0.31919.166
MinimumVisualStudioVersion = 10.0.40219.1
Project("{9A19103F-16F7-4668-BE54-9A1E7A4F7556}") = "MusicX", "MusicX\MusicX.csproj", "{80B284C3-9FE8-4C90-9BD4-81037AC1EAAF}"
EndProject
Project("{9A19103F-16F7-4668-BE54-9A1E7A4F7556}") = "MusicX.Core", "MusicX.Core\MusicX.Core.csproj", "{A5A9EB77-FE73-4AE9-9324-4675EDFD16CE}"
EndProject
Project("{2150E333-8FDC-42A3-9474-1A3956D46DE8}") = "Solution Items", "Solution Items", "{9D91917B-AA1B-4FB6-8A28-D23EFBA24F07}"
	ProjectSection(SolutionItems) = preProject
		.editorconfig = .editorconfig
	EndProjectSection
EndProject
Project("{9A19103F-16F7-4668-BE54-9A1E7A4F7556}") = "MusicX.Server", "MusicX.Server\MusicX.Server.csproj", "{AB09062A-83B9-4441-8D69-27E144875F6B}"
EndProject
Project("{9A19103F-16F7-4668-BE54-9A1E7A4F7556}") = "MusicX.Shared", "MusicX.Shared\MusicX.Shared.csproj", "{05EE1D52-3FF7-4BEE-9213-B8CE70F7240C}"
EndProject
Project("{9A19103F-16F7-4668-BE54-9A1E7A4F7556}") = "VkNet.AudioBypassService", "VkNet.AudioBypassService\VkNet.AudioBypassService.csproj", "{F05AC765-4098-45D9-B98D-C309995FDDDA}"
EndProject
Project("{9A19103F-16F7-4668-BE54-9A1E7A4F7556}") = "DiscordRPC", "DiscordRPC\DiscordRPC.csproj", "{B67F48FE-FE54-4E0D-8A3D-69F4BE6B6424}"
EndProject
Project("{9A19103F-16F7-4668-BE54-9A1E7A4F7556}") = "VkNet.Extensions.DependencyInjection", "VkNet.Extensions.DependencyInjection\VkNet.Extensions.DependencyInjection.csproj", "{646DE14C-B71A-4A62-8249-204D98DD5334}"
EndProject
Project("{9A19103F-16F7-4668-BE54-9A1E7A4F7556}") = "SignalR.Protobuf", "SignalR.Protobuf\SignalR.Protobuf.csproj", "{6A511BD3-95E2-4087-9F68-A17DBC237B71}"
EndProject
Project("{9A19103F-16F7-4668-BE54-9A1E7A4F7556}") = "FFMediaToolkit", "FFMediaToolkit\FFMediaToolkit.csproj", "{1A698859-8147-458D-9FC3-C4302F24AA86}"
EndProject
Project("{FAE04EC0-301F-11D3-BF4B-00C04F79EFBC}") = "PsCompiler", "PsCompiler\PsCompiler.csproj", "{449B9F89-C7C2-4C7E-9F2F-28CBB731E7F5}"
EndProject
Project("{FAE04EC0-301F-11D3-BF4B-00C04F79EFBC}") = "IF.Lastfm.Core", "IF.Lastfm.Core\IF.Lastfm.Core.csproj", "{57464921-52F3-4172-83E9-0B7D75F9DDDF}"
EndProject
Global
	GlobalSection(SolutionConfigurationPlatforms) = preSolution
		Debug|x64 = Debug|x64
		Release|x64 = Release|x64
	EndGlobalSection
	GlobalSection(ProjectConfigurationPlatforms) = postSolution
		{80B284C3-9FE8-4C90-9BD4-81037AC1EAAF}.Release|x64.ActiveCfg = Release|x64
		{80B284C3-9FE8-4C90-9BD4-81037AC1EAAF}.Release|x64.Build.0 = Release|x64
		{80B284C3-9FE8-4C90-9BD4-81037AC1EAAF}.Debug|x64.ActiveCfg = Debug|x64
		{80B284C3-9FE8-4C90-9BD4-81037AC1EAAF}.Debug|x64.Build.0 = Debug|x64
		{A5A9EB77-FE73-4AE9-9324-4675EDFD16CE}.Debug|x64.ActiveCfg = Debug|x64
		{A5A9EB77-FE73-4AE9-9324-4675EDFD16CE}.Debug|x64.Build.0 = Debug|x64
		{A5A9EB77-FE73-4AE9-9324-4675EDFD16CE}.Release|x64.ActiveCfg = Release|x64
		{A5A9EB77-FE73-4AE9-9324-4675EDFD16CE}.Release|x64.Build.0 = Release|x64
		{AB09062A-83B9-4441-8D69-27E144875F6B}.Debug|x64.ActiveCfg = Debug|x64
		{AB09062A-83B9-4441-8D69-27E144875F6B}.Debug|x64.Build.0 = Debug|x64
		{AB09062A-83B9-4441-8D69-27E144875F6B}.Release|x64.ActiveCfg = Release|x64
		{AB09062A-83B9-4441-8D69-27E144875F6B}.Release|x64.Build.0 = Release|x64
		{05EE1D52-3FF7-4BEE-9213-B8CE70F7240C}.Debug|x64.ActiveCfg = Debug|x64
		{05EE1D52-3FF7-4BEE-9213-B8CE70F7240C}.Debug|x64.Build.0 = Debug|x64
		{05EE1D52-3FF7-4BEE-9213-B8CE70F7240C}.Release|x64.ActiveCfg = Release|x64
		{05EE1D52-3FF7-4BEE-9213-B8CE70F7240C}.Release|x64.Build.0 = Release|x64
		{F05AC765-4098-45D9-B98D-C309995FDDDA}.Release|x64.ActiveCfg = Release|x64
		{F05AC765-4098-45D9-B98D-C309995FDDDA}.Release|x64.Build.0 = Release|x64
		{F05AC765-4098-45D9-B98D-C309995FDDDA}.Debug|x64.ActiveCfg = Debug|x64
		{F05AC765-4098-45D9-B98D-C309995FDDDA}.Debug|x64.Build.0 = Debug|x64
		{B67F48FE-FE54-4E0D-8A3D-69F4BE6B6424}.Debug|x64.ActiveCfg = Debug|x64
		{B67F48FE-FE54-4E0D-8A3D-69F4BE6B6424}.Debug|x64.Build.0 = Debug|x64
		{B67F48FE-FE54-4E0D-8A3D-69F4BE6B6424}.Release|x64.ActiveCfg = Release|x64
		{B67F48FE-FE54-4E0D-8A3D-69F4BE6B6424}.Release|x64.Build.0 = Release|x64
		{646DE14C-B71A-4A62-8249-204D98DD5334}.Debug|x64.ActiveCfg = Debug|x64
		{646DE14C-B71A-4A62-8249-204D98DD5334}.Debug|x64.Build.0 = Debug|x64
		{646DE14C-B71A-4A62-8249-204D98DD5334}.Release|x64.ActiveCfg = Release|x64
		{646DE14C-B71A-4A62-8249-204D98DD5334}.Release|x64.Build.0 = Release|x64
		{6A511BD3-95E2-4087-9F68-A17DBC237B71}.Debug|x64.ActiveCfg = Debug|x64
		{6A511BD3-95E2-4087-9F68-A17DBC237B71}.Debug|x64.Build.0 = Debug|x64
		{6A511BD3-95E2-4087-9F68-A17DBC237B71}.Release|x64.ActiveCfg = Release|x64
		{6A511BD3-95E2-4087-9F68-A17DBC237B71}.Release|x64.Build.0 = Release|x64
		{1A698859-8147-458D-9FC3-C4302F24AA86}.Release|x64.ActiveCfg = Release|x64
		{1A698859-8147-458D-9FC3-C4302F24AA86}.Release|x64.Build.0 = Release|x64
		{1A698859-8147-458D-9FC3-C4302F24AA86}.Debug|x64.ActiveCfg = Debug|x64
		{1A698859-8147-458D-9FC3-C4302F24AA86}.Debug|x64.Build.0 = Debug|x64
		{449B9F89-C7C2-4C7E-9F2F-28CBB731E7F5}.Debug|x64.ActiveCfg = Debug|Any CPU
		{449B9F89-C7C2-4C7E-9F2F-28CBB731E7F5}.Debug|x64.Build.0 = Debug|Any CPU
		{449B9F89-C7C2-4C7E-9F2F-28CBB731E7F5}.Release|x64.ActiveCfg = Release|Any CPU
		{449B9F89-C7C2-4C7E-9F2F-28CBB731E7F5}.Release|x64.Build.0 = Release|Any CPU
		{57464921-52F3-4172-83E9-0B7D75F9DDDF}.Debug|x64.ActiveCfg = Debug|Any CPU
		{57464921-52F3-4172-83E9-0B7D75F9DDDF}.Debug|x64.Build.0 = Debug|Any CPU
		{57464921-52F3-4172-83E9-0B7D75F9DDDF}.Release|x64.ActiveCfg = Release|Any CPU
		{57464921-52F3-4172-83E9-0B7D75F9DDDF}.Release|x64.Build.0 = Release|Any CPU
	EndGlobalSection
	GlobalSection(SolutionProperties) = preSolution
		HideSolutionNode = FALSE
	EndGlobalSection
	GlobalSection(ExtensibilityGlobals) = postSolution
		SolutionGuid = {E43B4CDF-64DC-486B-BD8C-7EEE8886B45F}
	EndGlobalSection
EndGlobal
