
Microsoft Visual Studio Solution File, Format Version 12.00
# Visual Studio Version 17
VisualStudioVersion = 17.0.31919.166
MinimumVisualStudioVersion = 10.0.40219.1
Project("{9A19103F-16F7-4668-BE54-9A1E7A4F7556}") = "MusicX", "MusicX\MusicX.csproj", "{80B284C3-9FE8-4C90-9BD4-81037AC1EAAF}"
EndProject
Project("{9A19103F-16F7-4668-BE54-9A1E7A4F7556}") = "MusicX.Core", "MusicX.Core\MusicX.Core.csproj", "{A5A9EB77-FE73-4AE9-9324-4675EDFD16CE}"
EndProject
Project("{9A19103F-16F7-4668-BE54-9A1E7A4F7556}") = "MusicX.Tests", "MusicX.Tests\MusicX.Tests.csproj", "{52C0E787-521A-4195-9FB1-ED920743804C}"
EndProject
Project("{2150E333-8FDC-42A3-9474-1A3956D46DE8}") = "Solution Items", "Solution Items", "{9D91917B-AA1B-4FB6-8A28-D23EFBA24F07}"
	ProjectSection(SolutionItems) = preProject
		.editorconfig = .editorconfig
	EndProjectSection
EndProject
Project("{9A19103F-16F7-4668-BE54-9A1E7A4F7556}") = "MusicX.Server", "MusicX.Server\MusicX.Server.csproj", "{AB09062A-83B9-4441-8D69-27E144875F6B}"
EndProject
Project("{9A19103F-16F7-4668-BE54-9A1E7A4F7556}") = "MusicX.Shared", "MusicX.Shared\MusicX.Shared.csproj", "{05EE1D52-3FF7-4BEE-9213-B8CE70F7240C}"
EndProject
Project("{9A19103F-16F7-4668-BE54-9A1E7A4F7556}") = "MusicX.Installer", "MusicX.Installer\MusicX.Installer.csproj", "{5B6E87D8-33EE-46FA-8C2C-D9C04F7E99F1}"
EndProject
Project("{9A19103F-16F7-4668-BE54-9A1E7A4F7556}") = "MusicX.Uninstaller", "MusicX.Uninstaller\MusicX.Uninstaller.csproj", "{5A5786D3-5305-4C26-9EFF-BE1699620B34}"
EndProject
Project("{9A19103F-16F7-4668-BE54-9A1E7A4F7556}") = "MusicX.Updater", "MusicX.Updater\MusicX.Updater.csproj", "{46B3CE5D-F16C-4180-9F45-6CF6959A287A}"
EndProject
Project("{9A19103F-16F7-4668-BE54-9A1E7A4F7556}") = "VkNet.AudioBypassService", "VkNet.AudioBypassService\VkNet.AudioBypassService.csproj", "{F05AC765-4098-45D9-B98D-C309995FDDDA}"
EndProject
Project("{9A19103F-16F7-4668-BE54-9A1E7A4F7556}") = "DiscordRPC", "DiscordRPC\DiscordRPC.csproj", "{B67F48FE-FE54-4E0D-8A3D-69F4BE6B6424}"
EndProject
Project("{9A19103F-16F7-4668-BE54-9A1E7A4F7556}") = "WpfAnimatedGif", "WpfAnimatedGif\WpfAnimatedGif.csproj", "{9A7108E9-98F6-4D90-AB03-788DA1769566}"
EndProject
Project("{9A19103F-16F7-4668-BE54-9A1E7A4F7556}") = "MusicX.Avalonia", "MusicX.Avalonia\MusicX.Avalonia.csproj", "{E2C61095-E619-4A6D-8B56-4E2A7D86782E}"
EndProject
Project("{9A19103F-16F7-4668-BE54-9A1E7A4F7556}") = "VkNet.Extensions.DependencyInjection", "VkNet.Extensions.DependencyInjection\VkNet.Extensions.DependencyInjection.csproj", "{646DE14C-B71A-4A62-8249-204D98DD5334}"
EndProject
Project("{FAE04EC0-301F-11D3-BF4B-00C04F79EFBC}") = "MusicX.Server.Tests", "MusicX.Server.Tests\MusicX.Server.Tests.csproj", "{52E65E39-5947-48FA-B7D4-CEEEFBE33470}"
EndProject
Project("{FAE04EC0-301F-11D3-BF4B-00C04F79EFBC}") = "SignalR.Protobuf", "SignalR.Protobuf\SignalR.Protobuf.csproj", "{6A511BD3-95E2-4087-9F68-A17DBC237B71}"
EndProject
Project("{FAE04EC0-301F-11D3-BF4B-00C04F79EFBC}") = "MusicX.Avalonia.Core", "MusicX.Avalonia.Core\MusicX.Avalonia.Core.csproj", "{F24E5889-6335-4A64-A8E0-749416885DE6}"
EndProject
Project("{FAE04EC0-301F-11D3-BF4B-00C04F79EFBC}") = "MusicX.Avalonia.Audio", "MusicX.Avalonia.Audio\MusicX.Avalonia.Audio.csproj", "{4A24C442-8A52-452E-8207-4F0414181F97}"
EndProject
Project("{FAE04EC0-301F-11D3-BF4B-00C04F79EFBC}") = "MusicX.Avalonia.ViewModels", "MusicX.Avalonia.ViewModels\MusicX.Avalonia.ViewModels.csproj", "{68DA9B0F-632B-4E4F-9BBE-23C2B34123A9}"
EndProject
Project("{FAE04EC0-301F-11D3-BF4B-00C04F79EFBC}") = "FluentAvalonia", "FluentAvalonia\src\FluentAvalonia\FluentAvalonia.csproj", "{CE518FD2-ED25-439C-9F0B-FD852B6A0321}"
EndProject
Project("{FAE04EC0-301F-11D3-BF4B-00C04F79EFBC}") = "MusicX.Avalonia.Audio.Windows", "MusicX.Avalonia.Audio.Windows\MusicX.Avalonia.Audio.Windows.csproj", "{3A2FBCFE-4243-4A96-896A-515FD67BAD19}"
EndProject
Global
	GlobalSection(SolutionConfigurationPlatforms) = preSolution
		Debug|Any CPU = Debug|Any CPU
		Release|Any CPU = Release|Any CPU
	EndGlobalSection
	GlobalSection(ProjectConfigurationPlatforms) = postSolution
		{80B284C3-9FE8-4C90-9BD4-81037AC1EAAF}.Debug|Any CPU.ActiveCfg = Debug|Any CPU
		{80B284C3-9FE8-4C90-9BD4-81037AC1EAAF}.Debug|Any CPU.Build.0 = Debug|Any CPU
		{80B284C3-9FE8-4C90-9BD4-81037AC1EAAF}.Release|Any CPU.ActiveCfg = Release|Any CPU
		{80B284C3-9FE8-4C90-9BD4-81037AC1EAAF}.Release|Any CPU.Build.0 = Release|Any CPU
		{A5A9EB77-FE73-4AE9-9324-4675EDFD16CE}.Debug|Any CPU.ActiveCfg = Debug|Any CPU
		{A5A9EB77-FE73-4AE9-9324-4675EDFD16CE}.Debug|Any CPU.Build.0 = Debug|Any CPU
		{A5A9EB77-FE73-4AE9-9324-4675EDFD16CE}.Release|Any CPU.ActiveCfg = Release|Any CPU
		{A5A9EB77-FE73-4AE9-9324-4675EDFD16CE}.Release|Any CPU.Build.0 = Release|Any CPU
		{52C0E787-521A-4195-9FB1-ED920743804C}.Debug|Any CPU.ActiveCfg = Debug|Any CPU
		{52C0E787-521A-4195-9FB1-ED920743804C}.Debug|Any CPU.Build.0 = Debug|Any CPU
		{52C0E787-521A-4195-9FB1-ED920743804C}.Release|Any CPU.ActiveCfg = Release|Any CPU
		{52C0E787-521A-4195-9FB1-ED920743804C}.Release|Any CPU.Build.0 = Release|Any CPU
		{AB09062A-83B9-4441-8D69-27E144875F6B}.Debug|Any CPU.ActiveCfg = Debug|Any CPU
		{AB09062A-83B9-4441-8D69-27E144875F6B}.Debug|Any CPU.Build.0 = Debug|Any CPU
		{AB09062A-83B9-4441-8D69-27E144875F6B}.Release|Any CPU.ActiveCfg = Release|Any CPU
		{AB09062A-83B9-4441-8D69-27E144875F6B}.Release|Any CPU.Build.0 = Release|Any CPU
		{05EE1D52-3FF7-4BEE-9213-B8CE70F7240C}.Debug|Any CPU.ActiveCfg = Debug|Any CPU
		{05EE1D52-3FF7-4BEE-9213-B8CE70F7240C}.Debug|Any CPU.Build.0 = Debug|Any CPU
		{05EE1D52-3FF7-4BEE-9213-B8CE70F7240C}.Release|Any CPU.ActiveCfg = Release|Any CPU
		{05EE1D52-3FF7-4BEE-9213-B8CE70F7240C}.Release|Any CPU.Build.0 = Release|Any CPU
		{5B6E87D8-33EE-46FA-8C2C-D9C04F7E99F1}.Debug|Any CPU.ActiveCfg = Debug|Any CPU
		{5B6E87D8-33EE-46FA-8C2C-D9C04F7E99F1}.Debug|Any CPU.Build.0 = Debug|Any CPU
		{5B6E87D8-33EE-46FA-8C2C-D9C04F7E99F1}.Release|Any CPU.ActiveCfg = Release|Any CPU
		{5B6E87D8-33EE-46FA-8C2C-D9C04F7E99F1}.Release|Any CPU.Build.0 = Release|Any CPU
		{5A5786D3-5305-4C26-9EFF-BE1699620B34}.Debug|Any CPU.ActiveCfg = Debug|Any CPU
		{5A5786D3-5305-4C26-9EFF-BE1699620B34}.Debug|Any CPU.Build.0 = Debug|Any CPU
		{5A5786D3-5305-4C26-9EFF-BE1699620B34}.Release|Any CPU.ActiveCfg = Release|Any CPU
		{5A5786D3-5305-4C26-9EFF-BE1699620B34}.Release|Any CPU.Build.0 = Release|Any CPU
		{46B3CE5D-F16C-4180-9F45-6CF6959A287A}.Debug|Any CPU.ActiveCfg = Debug|Any CPU
		{46B3CE5D-F16C-4180-9F45-6CF6959A287A}.Debug|Any CPU.Build.0 = Debug|Any CPU
		{46B3CE5D-F16C-4180-9F45-6CF6959A287A}.Release|Any CPU.ActiveCfg = Release|Any CPU
		{46B3CE5D-F16C-4180-9F45-6CF6959A287A}.Release|Any CPU.Build.0 = Release|Any CPU
		{F05AC765-4098-45D9-B98D-C309995FDDDA}.Debug|Any CPU.ActiveCfg = Debug|Any CPU
		{F05AC765-4098-45D9-B98D-C309995FDDDA}.Debug|Any CPU.Build.0 = Debug|Any CPU
		{F05AC765-4098-45D9-B98D-C309995FDDDA}.Release|Any CPU.ActiveCfg = Release|Any CPU
		{F05AC765-4098-45D9-B98D-C309995FDDDA}.Release|Any CPU.Build.0 = Release|Any CPU
		{B67F48FE-FE54-4E0D-8A3D-69F4BE6B6424}.Debug|Any CPU.ActiveCfg = Debug|Any CPU
		{B67F48FE-FE54-4E0D-8A3D-69F4BE6B6424}.Debug|Any CPU.Build.0 = Debug|Any CPU
		{B67F48FE-FE54-4E0D-8A3D-69F4BE6B6424}.Release|Any CPU.ActiveCfg = Release|Any CPU
		{B67F48FE-FE54-4E0D-8A3D-69F4BE6B6424}.Release|Any CPU.Build.0 = Release|Any CPU
		{9A7108E9-98F6-4D90-AB03-788DA1769566}.Debug|Any CPU.ActiveCfg = Debug|Any CPU
		{9A7108E9-98F6-4D90-AB03-788DA1769566}.Debug|Any CPU.Build.0 = Debug|Any CPU
		{9A7108E9-98F6-4D90-AB03-788DA1769566}.Release|Any CPU.ActiveCfg = Release|Any CPU
		{9A7108E9-98F6-4D90-AB03-788DA1769566}.Release|Any CPU.Build.0 = Release|Any CPU
		{E2C61095-E619-4A6D-8B56-4E2A7D86782E}.Debug|Any CPU.ActiveCfg = Debug|Any CPU
		{E2C61095-E619-4A6D-8B56-4E2A7D86782E}.Debug|Any CPU.Build.0 = Debug|Any CPU
		{E2C61095-E619-4A6D-8B56-4E2A7D86782E}.Release|Any CPU.ActiveCfg = Release|Any CPU
		{E2C61095-E619-4A6D-8B56-4E2A7D86782E}.Release|Any CPU.Build.0 = Release|Any CPU
		{646DE14C-B71A-4A62-8249-204D98DD5334}.Debug|Any CPU.ActiveCfg = Debug|Any CPU
		{646DE14C-B71A-4A62-8249-204D98DD5334}.Debug|Any CPU.Build.0 = Debug|Any CPU
		{646DE14C-B71A-4A62-8249-204D98DD5334}.Release|Any CPU.ActiveCfg = Release|Any CPU
		{646DE14C-B71A-4A62-8249-204D98DD5334}.Release|Any CPU.Build.0 = Release|Any CPU
		{52E65E39-5947-48FA-B7D4-CEEEFBE33470}.Debug|Any CPU.ActiveCfg = Debug|Any CPU
		{52E65E39-5947-48FA-B7D4-CEEEFBE33470}.Debug|Any CPU.Build.0 = Debug|Any CPU
		{52E65E39-5947-48FA-B7D4-CEEEFBE33470}.Release|Any CPU.ActiveCfg = Release|Any CPU
		{52E65E39-5947-48FA-B7D4-CEEEFBE33470}.Release|Any CPU.Build.0 = Release|Any CPU
		{6A511BD3-95E2-4087-9F68-A17DBC237B71}.Debug|Any CPU.ActiveCfg = Debug|Any CPU
		{6A511BD3-95E2-4087-9F68-A17DBC237B71}.Debug|Any CPU.Build.0 = Debug|Any CPU
		{6A511BD3-95E2-4087-9F68-A17DBC237B71}.Release|Any CPU.ActiveCfg = Release|Any CPU
		{6A511BD3-95E2-4087-9F68-A17DBC237B71}.Release|Any CPU.Build.0 = Release|Any CPU
		{F24E5889-6335-4A64-A8E0-749416885DE6}.Debug|Any CPU.ActiveCfg = Debug|Any CPU
		{F24E5889-6335-4A64-A8E0-749416885DE6}.Debug|Any CPU.Build.0 = Debug|Any CPU
		{F24E5889-6335-4A64-A8E0-749416885DE6}.Release|Any CPU.ActiveCfg = Release|Any CPU
		{F24E5889-6335-4A64-A8E0-749416885DE6}.Release|Any CPU.Build.0 = Release|Any CPU
		{4A24C442-8A52-452E-8207-4F0414181F97}.Debug|Any CPU.ActiveCfg = Debug|Any CPU
		{4A24C442-8A52-452E-8207-4F0414181F97}.Debug|Any CPU.Build.0 = Debug|Any CPU
		{4A24C442-8A52-452E-8207-4F0414181F97}.Release|Any CPU.ActiveCfg = Release|Any CPU
		{4A24C442-8A52-452E-8207-4F0414181F97}.Release|Any CPU.Build.0 = Release|Any CPU
		{68DA9B0F-632B-4E4F-9BBE-23C2B34123A9}.Debug|Any CPU.ActiveCfg = Debug|Any CPU
		{68DA9B0F-632B-4E4F-9BBE-23C2B34123A9}.Debug|Any CPU.Build.0 = Debug|Any CPU
		{68DA9B0F-632B-4E4F-9BBE-23C2B34123A9}.Release|Any CPU.ActiveCfg = Release|Any CPU
		{68DA9B0F-632B-4E4F-9BBE-23C2B34123A9}.Release|Any CPU.Build.0 = Release|Any CPU
		{CE518FD2-ED25-439C-9F0B-FD852B6A0321}.Debug|Any CPU.ActiveCfg = Debug|Any CPU
		{CE518FD2-ED25-439C-9F0B-FD852B6A0321}.Debug|Any CPU.Build.0 = Debug|Any CPU
		{CE518FD2-ED25-439C-9F0B-FD852B6A0321}.Release|Any CPU.ActiveCfg = Release|Any CPU
		{CE518FD2-ED25-439C-9F0B-FD852B6A0321}.Release|Any CPU.Build.0 = Release|Any CPU
		{3A2FBCFE-4243-4A96-896A-515FD67BAD19}.Debug|Any CPU.ActiveCfg = Debug|Any CPU
		{3A2FBCFE-4243-4A96-896A-515FD67BAD19}.Debug|Any CPU.Build.0 = Debug|Any CPU
		{3A2FBCFE-4243-4A96-896A-515FD67BAD19}.Release|Any CPU.ActiveCfg = Release|Any CPU
		{3A2FBCFE-4243-4A96-896A-515FD67BAD19}.Release|Any CPU.Build.0 = Release|Any CPU
	EndGlobalSection
	GlobalSection(SolutionProperties) = preSolution
		HideSolutionNode = FALSE
	EndGlobalSection
	GlobalSection(ExtensibilityGlobals) = postSolution
		SolutionGuid = {E43B4CDF-64DC-486B-BD8C-7EEE8886B45F}
	EndGlobalSection
EndGlobal
