{
  "version": 1,
  "dependencies": {
    "net7.0-windows10.0.22621": {
      "AsyncAwaitBestPractices.MVVM": {
        "type": "Direct",
        "requested": "[7.0.0, )",
        "resolved": "7.0.0",
        "contentHash": "P8sgaDlxmdSge23mQ+JURmFXRYQqq1FjNzV7vmp+95Dcmcmajn4ms1at16+1Qz6i7O1tS8bQ91x5qBs6i+r3bw==",
        "dependencies": {
          "AsyncAwaitBestPractices": "7.0.0"
        }
      },
      "FFmpegInteropX": {
        "type": "Direct",
        "requested": "[2.0.0-pre3, )",
        "resolved": "2.0.0-pre3",
        "contentHash": "FzoYL3r5cqS03049epme9+NiqVJVjq5X2MLkZlZpZYFj1iRbU/IJqM1VxRS5O7Tvhg2WFNHSQVNoKIURh7wTGw==",
        "dependencies": {
          "FFmpegInteropX.Desktop.FFmpeg": "5.1.100-pre3",
          "FFmpegInteropX.Desktop.Lib": "2.0.0-pre3"
        }
      },
      "HandyControl": {
        "type": "Direct",
        "requested": "[3.5.1, )",
        "resolved": "3.5.1",
        "contentHash": "i2i0xrLev7F1MFnhf0DP1CNCdGw8hVJ0HJrI0kxRv02ZJgaAzLzDTgAXDPY8GAoD3aYnBLSgM74lBHZ844KQnQ=="
      },
      "MdXaml": {
        "type": "Direct",
        "requested": "[1.27.0, )",
        "resolved": "1.27.0",
        "contentHash": "VWhqhCeKVkJe8vkPmXuGZlRX01WDrTugOLeUvJn18jH/8DrGGVBvtgIlJoELHD2f1DiEWqF3lxxjV55vnzE7Tg==",
        "dependencies": {
          "AvalonEdit": "6.3.0.90",
          "MdXaml.Plugins": "1.27.0"
        }
      },
      "Microsoft.AppCenter.Analytics": {
        "type": "Direct",
        "requested": "[5.0.3, )",
        "resolved": "5.0.3",
        "contentHash": "SMkyXlmkwImUfqdElJKkc+33bHAswgNOCu8Iu8fSFCgNjxvuKran0QSsIBlWzBxPRlRBvjq08Z/ukg02bXBezg==",
        "dependencies": {
          "Microsoft.AppCenter": "5.0.3"
        }
      },
      "Microsoft.AppCenter.Crashes": {
        "type": "Direct",
        "requested": "[5.0.3, )",
        "resolved": "5.0.3",
        "contentHash": "yJfl71WnWIyQN2+MyBZjhZ9LEoYhbax2QZhX3yXzPHy8ZrAIVXCmKFlT5XrA34PcG75spj8kc39nGtYyxlozEQ==",
        "dependencies": {
          "Microsoft.AppCenter": "5.0.3"
        }
      },
      "Microsoft.VCRTForwarders.140": {
        "type": "Direct",
        "requested": "[1.0.8-pre, )",
        "resolved": "1.0.8-pre",
        "contentHash": "KhAP4zat4NFaJ2MedW4pM0PpV8dERXdA8VHo0HkNp1NGTVvbn55ixDMsPrqJA5mNS5bnakIq9kOfI/e/jWnqLA=="
      },
      "Microsoft.Windows.CsWin32": {
        "type": "Direct",
        "requested": "[0.3.49-beta, )",
        "resolved": "0.3.49-beta",
        "contentHash": "/iAXplVDKESFyLz/MShuVYVx62YFvFePpq3qrzREl8KScQqG6Z2kV7r9UJTjQS1g+hfy3V+e4m1x9lsu24YNSg==",
        "dependencies": {
          "Microsoft.Windows.SDK.Win32Docs": "0.1.42-alpha",
          "Microsoft.Windows.SDK.Win32Metadata": "55.0.45-preview",
          "Microsoft.Windows.WDK.Win32Metadata": "0.9.9-experimental",
          "System.Memory": "4.5.5",
          "System.Runtime.CompilerServices.Unsafe": "6.0.0"
        }
      },
      "Ookii.Dialogs.Wpf": {
        "type": "Direct",
        "requested": "[5.0.1, )",
        "resolved": "5.0.1",
        "contentHash": "iZNnZwqTpK0cfR0vkotncP1c025/PHlIdzc7iEKBYwhVv1V0zXp9/RT/O0kMhsmlwXqRxxbE4pdhfinbJXtjPg=="
      },
      "PropertyChanged.Fody": {
        "type": "Direct",
        "requested": "[4.1.0, )",
        "resolved": "4.1.0",
        "contentHash": "6v+f9cI8YjnZH2WBHuOqWEAo8DFFNGFIdU8xD3AsL6fhV6Y8oAmVWd7XKk49t8DpeUBwhR/X+97+6Epvek0Y3A==",
        "dependencies": {
          "Fody": "6.6.4"
        }
      },
      "QRCoder.Xaml": {
        "type": "Direct",
        "requested": "[1.4.3, )",
        "resolved": "1.4.3",
        "contentHash": "Vr3sRwB4UgcX19st2MwLM6QODfAfnvqicDi7qxlXlgjGCOPZ7x7TJSd06XQYUYrBfxtB/bn8ttPgh7K9sOplaQ==",
        "dependencies": {
          "QRCoder": "1.4.3"
        }
      },
      "System.Linq.Async": {
        "type": "Direct",
        "requested": "[6.0.1, )",
        "resolved": "6.0.1",
        "contentHash": "0YhHcaroWpQ9UCot3Pizah7ryAzQhNvobLMSxeDIGmnXfkQn8u5owvpOH0K6EVB+z9L7u6Cc4W17Br/+jyttEQ==",
        "dependencies": {
          "Microsoft.Bcl.AsyncInterfaces": "6.0.0"
        }
      },
      "System.Text.Encoding.CodePages": {
        "type": "Direct",
        "requested": "[8.0.0, )",
        "resolved": "8.0.0",
        "contentHash": "OZIsVplFGaVY90G2SbpgU7EnCoOO5pw1t4ic21dBF3/1omrJFpAGoNAVpPyMVOC90/hvgkGG3VFqR13YgZMQfg=="
      },
      "System.Text.Json": {
        "type": "Direct",
        "requested": "[8.0.3, )",
        "resolved": "8.0.3",
        "contentHash": "hpagS9joOwv6efWfrMmV9MjQXpiXZH72PgN067Ysfr6AWMSD1/1hEcvh/U5mUpPLezEWsOJSuVrmqDIVD958iA==",
        "dependencies": {
          "System.Text.Encodings.Web": "8.0.0"
        }
      },
      "taglib-sharp-netstandard2.0": {
        "type": "Direct",
        "requested": "[2.1.0, )",
        "resolved": "2.1.0",
        "contentHash": "w45LreEPpV/vOfgpYBI1cNqiLvj8yQ8f7kJaMYtzTAsg26ZdHWnh5vPuy2/F9tCKhmgNB0s+zOBwdcEb4qk3Tg=="
      },
      "Velopack": {
        "type": "Direct",
        "requested": "[0.0.359, )",
        "resolved": "0.0.359",
        "contentHash": "UezXo8WNBC8AMrnkuQ1KeYmlkg829Th1p1+pi+HAPXmbd1XX5chlgHj69P2cLqdhhbfCL7sVdfFbKHp2UbBsJg==",
        "dependencies": {
          "Microsoft.Extensions.Logging.Abstractions": "6.0.0",
          "NuGet.Versioning": "6.9.1"
        }
      },
      "WPF-UI": {
        "type": "Direct",
        "requested": "[3.0.4, )",
        "resolved": "3.0.4",
        "contentHash": "Jbt8nJ4MSC/WBhqx6iXOW06Rt2UUNVxA8+23AOSM63jlOIhU6e6P4BIw8rL/UnRPycOdA2vntYl5i7k53E0AGg=="
      },
      "WpfScreenHelper": {
        "type": "Direct",
        "requested": "[2.1.0, )",
        "resolved": "2.1.0",
        "contentHash": "ZzS/lkme7QcYIvQgsVw9D1OuI/fSrNnoDXXDCrFmacYVvdGXOQlGEeQBbKdBP9r4k+3CsUQMZq59RU99I9Mjhw=="
      },
      "AsyncAwaitBestPractices": {
        "type": "Transitive",
        "resolved": "7.0.0",
        "contentHash": "RhUokh7YKNpr+W0xzQWTGPyJtv/jVEalyKyBYAhFNyhUa0Ncsrz5S6PYxNDZ4ye/TK//qrpRInn5hzLBTQpehw=="
      },
      "AvalonEdit": {
        "type": "Transitive",
        "resolved": "6.3.0.90",
        "contentHash": "WVTb5MxwGqKdeasd3nG5udlV4t6OpvkFanziwI133K0/QJ5FvZmfzRQgpAjGTJhQfIA8GP7AzKQ3sTY9JOFk8Q=="
      },
      "FFmpeg.AutoGen": {
        "type": "Transitive",
        "resolved": "5.1.2.3",
        "contentHash": "3w3o28VmTEf+qRQSFCQnhwB+ouVmow5dQepbfL0lOEzRlgk66HMsg6O8SeUoxHeUFEqo1bKQaux1h3x5Aj6GaQ=="
      },
      "FFmpegInteropX.Desktop.FFmpeg": {
        "type": "Transitive",
        "resolved": "5.1.100-pre3",
        "contentHash": "0s2EqrsMBsR37eP0LL/0iIr5qmY3txHaP20K21QaZbVgve4sEndrRk/d5kkD7Ks/S73jIrIuXY3UvJcOz65aWg==",
        "dependencies": {
          "Microsoft.Windows.CsWinRT": "2.0.0"
        }
      },
      "FFmpegInteropX.Desktop.Lib": {
        "type": "Transitive",
        "resolved": "2.0.0-pre3",
        "contentHash": "LOInPKHQtH0QEDtqCJx9s9m2c54LT8tsN+rly+W1oQ0rUfElvrmeExvDE0Y6/X/Ju5EwXWm+lN9ZgVS8ng+YPA==",
        "dependencies": {
          "Microsoft.Windows.CsWinRT": "2.0.0"
        }
      },
      "Fody": {
        "type": "Transitive",
        "resolved": "6.6.4",
        "contentHash": "vLZS+oa+ndUHYPlx/8n9bBTT3dHkCF0riml4paKq4D663+cZd47x1uagQo32D/gKFZ/sfmV1oqKaLmH0elxq4A=="
      },
      "HtmlAgilityPack": {
        "type": "Transitive",
        "resolved": "1.11.43",
        "contentHash": "C2gpt+S2tdFlQMOC3DK7rHZ8iv6EpDuIo4v0UTUSGX1F1bZ+NAQ3gp77HK8/JfCDszUm3Y2rHoyTp/TpO4KOIA=="
      },
      "MdXaml.Plugins": {
        "type": "Transitive",
        "resolved": "1.27.0",
        "contentHash": "We7LtBdoukRg9mqTfa1f5n8z/GQPMKBRj3URk9DiMuqzIHkW1lTgK5njVPSScxsRt4YzW22423tSnLWNm2MJKg=="
      },
      "Microsoft.AppCenter": {
        "type": "Transitive",
        "resolved": "5.0.3",
        "contentHash": "5WizAr5oDDZtZlpeotbu2kB6UGVXKkk7NtAHMFqOP8kvc8JuMY261einCcgUlsm6kByk3umoS/6YP3n+VMDzAw==",
        "dependencies": {
          "Newtonsoft.Json": "13.0.2",
          "SQLitePCLRaw.bundle_green": "2.1.5",
          "System.Configuration.ConfigurationManager": "6.0.0",
          "System.Management": "6.0.0"
        }
      },
      "Microsoft.AspNetCore.Connections.Abstractions": {
        "type": "Transitive",
        "resolved": "8.0.3",
        "contentHash": "lM0+lfgJKv1Fq1z6uoMxIAQtVbhd427Ht5HqomDsebsrnklR9pkYgmdp6r6k+dNw5LoI8Vr0EevtQvdKW9aV7w==",
        "dependencies": {
          "Microsoft.Bcl.AsyncInterfaces": "8.0.0",
          "Microsoft.Extensions.Features": "8.0.3",
          "System.IO.Pipelines": "8.0.0"
        }
      },
      "Microsoft.AspNetCore.Http.Connections.Client": {
        "type": "Transitive",
        "resolved": "8.0.3",
        "contentHash": "WmKLiBVjOcJ3DsIYweka+jjlL06ad+438QYgg+uyEr0QoJtxFfqsJHQoTjQyKGNVsIZj2cTSEnIK0vdqEiXb7Q==",
        "dependencies": {
          "Microsoft.AspNetCore.Http.Connections.Common": "8.0.3",
          "Microsoft.Extensions.Logging.Abstractions": "8.0.1",
          "Microsoft.Extensions.Options": "8.0.2"
        }
      },
      "Microsoft.AspNetCore.Http.Connections.Common": {
        "type": "Transitive",
        "resolved": "8.0.3",
        "contentHash": "gujPT796RA93n79QYA9g0HNGta+Z1BtGD3mpg1BRmSvfwXljA4oGkw7Fm9bi+LgEwwIiHvVAmLVjTQutK+C3eA==",
        "dependencies": {
          "Microsoft.AspNetCore.Connections.Abstractions": "8.0.3",
          "System.Text.Json": "8.0.3"
        }
      },
      "Microsoft.AspNetCore.SignalR.Client": {
        "type": "Transitive",
        "resolved": "8.0.3",
        "contentHash": "zjQGIt4s+2zIVy0etNRxcMf79JEI4C3zpPwNu3pPFepe7G/T1lbyg6Q/rqW8GTr7SEVHWlwTNRbeaJ5FTENjrA==",
        "dependencies": {
          "Microsoft.AspNetCore.Http.Connections.Client": "8.0.3",
          "Microsoft.AspNetCore.SignalR.Client.Core": "8.0.3"
        }
      },
      "Microsoft.AspNetCore.SignalR.Client.Core": {
        "type": "Transitive",
        "resolved": "8.0.3",
        "contentHash": "NxR0+ABjcCPI11c9+OUoNC2SMuQDn/0cbbBPH7x6U8Q5ebNGNMSTcsPPkPI6D16DlmO2djtbcEWWB139los+dA==",
        "dependencies": {
          "Microsoft.AspNetCore.SignalR.Common": "8.0.3",
          "Microsoft.AspNetCore.SignalR.Protocols.Json": "8.0.3",
          "Microsoft.Bcl.TimeProvider": "8.0.1",
          "Microsoft.Extensions.DependencyInjection": "8.0.0",
          "Microsoft.Extensions.Logging": "8.0.0",
          "System.Threading.Channels": "8.0.0"
        }
      },
      "Microsoft.AspNetCore.SignalR.Common": {
        "type": "Transitive",
        "resolved": "8.0.3",
        "contentHash": "1MX4XXjCH/+ZZWS2zPElNEzLMwszI95iqqjsdTOvaaK7sQLPn8Y41YCOfHU/2lXSWYP8Yc+umyiikoonRedP5Q==",
        "dependencies": {
          "Microsoft.AspNetCore.Connections.Abstractions": "8.0.3",
          "Microsoft.Extensions.Options": "8.0.2",
          "System.Text.Json": "8.0.3"
        }
      },
      "Microsoft.AspNetCore.SignalR.Protocols.Json": {
        "type": "Transitive",
        "resolved": "8.0.3",
        "contentHash": "L1RRxwlzSA/zYFN1fNH+Sfu6snDEf2yQWH0nc2NNvDmwqOu/xVZq3LghWzwpmSdlWZXWZwpq1XCyxTpNtDLkOQ==",
        "dependencies": {
          "Microsoft.AspNetCore.SignalR.Common": "8.0.3"
        }
      },
      "Microsoft.Bcl.AsyncInterfaces": {
        "type": "Transitive",
        "resolved": "8.0.0",
        "contentHash": "3WA9q9yVqJp222P3x1wYIGDAkpjAku0TMUaaQV22g6L67AI0LdOIrVS7Ht2vJfLHGSPVuqN94vIr15qn+HEkHw=="
      },
      "Microsoft.Bcl.TimeProvider": {
        "type": "Transitive",
        "resolved": "8.0.1",
        "contentHash": "C7kWHJnMRY7EvJev2S8+yJHZ1y7A4ZlLbA4NE+O23BDIAN5mHeqND1m+SKv1ChRS5YlCDW7yAMUe7lttRsJaAA==",
        "dependencies": {
          "Microsoft.Bcl.AsyncInterfaces": "8.0.0"
        }
      },
      "Microsoft.Extensions.Configuration.Abstractions": {
        "type": "Transitive",
        "resolved": "8.0.0",
        "contentHash": "3lE/iLSutpgX1CC0NOW70FJoGARRHbyKmG7dc0klnUZ9Dd9hS6N/POPWhKhMLCEuNN5nXEY5agmlFtH562vqhQ==",
        "dependencies": {
          "Microsoft.Extensions.Primitives": "8.0.0"
        }
      },
      "Microsoft.Extensions.DependencyInjection": {
        "type": "Transitive",
        "resolved": "8.0.0",
        "contentHash": "V8S3bsm50ig6JSyrbcJJ8bW2b9QLGouz+G1miK3UTaOWmMtFwNNNzUf4AleyDWUmTrWMLNnFSLEQtxmxgNQnNQ==",
        "dependencies": {
          "Microsoft.Extensions.DependencyInjection.Abstractions": "8.0.0"
        }
      },
      "Microsoft.Extensions.DependencyInjection.Abstractions": {
        "type": "Transitive",
        "resolved": "8.0.1",
        "contentHash": "fGLiCRLMYd00JYpClraLjJTNKLmMJPnqxMaiRzEBIIvevlzxz33mXy39Lkd48hu1G+N21S7QpaO5ZzKsI6FRuA=="
      },
      "Microsoft.Extensions.Features": {
        "type": "Transitive",
        "resolved": "8.0.3",
        "contentHash": "U1NcOfFSgkJTpdCgRuklSMI0r2kbQuLuEATSdPhgC+aEhvpc/yAD7RvKZVMoBsx/xSn7qJ+qqHczDNbW/o7gGA=="
      },
      "Microsoft.Extensions.Http": {
        "type": "Transitive",
        "resolved": "8.0.0",
        "contentHash": "cWz4caHwvx0emoYe7NkHPxII/KkTI8R/LC9qdqJqnKv2poTJ4e2qqPGQqvRoQ5kaSA4FU5IV3qFAuLuOhoqULQ==",
        "dependencies": {
          "Microsoft.Extensions.Configuration.Abstractions": "8.0.0",
          "Microsoft.Extensions.DependencyInjection.Abstractions": "8.0.0",
          "Microsoft.Extensions.Logging": "8.0.0",
          "Microsoft.Extensions.Logging.Abstractions": "8.0.0",
          "Microsoft.Extensions.Options": "8.0.0"
        }
      },
      "Microsoft.Extensions.Logging": {
        "type": "Transitive",
        "resolved": "8.0.0",
        "contentHash": "tvRkov9tAJ3xP51LCv3FJ2zINmv1P8Hi8lhhtcKGqM+ImiTCC84uOPEI4z8Cdq2C3o9e+Aa0Gw0rmrsJD77W+w==",
        "dependencies": {
          "Microsoft.Extensions.DependencyInjection": "8.0.0",
          "Microsoft.Extensions.Logging.Abstractions": "8.0.0",
          "Microsoft.Extensions.Options": "8.0.0"
        }
      },
      "Microsoft.Extensions.Logging.Abstractions": {
        "type": "Transitive",
        "resolved": "8.0.1",
        "contentHash": "RIFgaqoaINxkM2KTOw72dmilDmTrYA0ns2KW4lDz4gZ2+o6IQ894CzmdL3StM2oh7QQq44nCWiqKqc4qUI9Jmg==",
        "dependencies": {
          "Microsoft.Extensions.DependencyInjection.Abstractions": "8.0.1"
        }
      },
      "Microsoft.Extensions.Options": {
        "type": "Transitive",
        "resolved": "8.0.2",
        "contentHash": "dWGKvhFybsaZpGmzkGCbNNwBD1rVlWzrZKANLW/CcbFJpCEceMCGzT7zZwHOGBCbwM0SzBuceMj5HN1LKV1QqA==",
        "dependencies": {
          "Microsoft.Extensions.DependencyInjection.Abstractions": "8.0.0",
          "Microsoft.Extensions.Primitives": "8.0.0"
        }
      },
      "Microsoft.Extensions.Primitives": {
        "type": "Transitive",
        "resolved": "8.0.0",
        "contentHash": "bXJEZrW9ny8vjMF1JV253WeLhpEVzFo1lyaZu1vQ4ZxWUlVvknZ/+ftFgVheLubb4eZPSwwxBeqS1JkCOjxd8g=="
      },
      "Microsoft.NETCore.Platforms": {
        "type": "Transitive",
        "resolved": "2.0.0",
        "contentHash": "VdLJOCXhZaEMY7Hm2GKiULmn7IEPFE4XC5LPSfBVCUIA8YLZVh846gtfBJalsPQF2PlzdD7ecX7DZEulJ402ZQ=="
      },
      "Microsoft.Win32.Registry": {
        "type": "Transitive",
        "resolved": "4.5.0",
        "contentHash": "+FWlwd//+Tt56316p00hVePBCouXyEzT86Jb3+AuRotTND0IYn0OO3obs1gnQEs/txEnt+rF2JBGLItTG+Be6A==",
        "dependencies": {
          "System.Security.AccessControl": "4.5.0",
          "System.Security.Principal.Windows": "4.5.0"
        }
      },
      "Microsoft.Win32.SystemEvents": {
        "type": "Transitive",
        "resolved": "6.0.0",
        "contentHash": "hqTM5628jSsQiv+HGpiq3WKBl2c8v1KZfby2J6Pr7pEPlK9waPdgEO6b8A/+/xn/yZ9ulv8HuqK71ONy2tg67A=="
      },
      "Microsoft.Windows.CsWinRT": {
        "type": "Transitive",
        "resolved": "2.0.0",
        "contentHash": "Z4NdAGpXQbe8bu1amMfqqwjntQy8VsTWYPhcY8KTQCLcxIKzPZm8gsJPt6qIJIJeZd8cR9ig4DQylXNfiXGbaw=="
      },
      "Microsoft.Windows.SDK.Win32Docs": {
        "type": "Transitive",
        "resolved": "0.1.42-alpha",
        "contentHash": "Z/9po23gUA9aoukirh2ItMU2ZS9++Js9Gdds9fu5yuMojDrmArvY2y+tq9985tR3cxFxpZO1O35Wjfo0khj5HA=="
      },
      "Microsoft.Windows.SDK.Win32Metadata": {
        "type": "Transitive",
        "resolved": "55.0.45-preview",
        "contentHash": "2i1kVIk8rMuMCYtoeYeWbmCRLqNgb63Berac3Gv+J/pjp0oucopasKgLQNslryhsgBl4xex9ENhJX2MXEW5vdA=="
      },
      "Microsoft.Windows.WDK.Win32Metadata": {
        "type": "Transitive",
        "resolved": "0.9.9-experimental",
        "contentHash": "cncPlxLqR25mFOuvpxZPgXgJqRmXyV5eTULj/9w8AQvO/c1xJDEapohRsWkYaia7hCR/EwEzBHr7RU9u93T03w==",
        "dependencies": {
          "Microsoft.Windows.SDK.Win32Metadata": "55.0.45-preview"
        }
      },
      "Newtonsoft.Json": {
        "type": "Transitive",
        "resolved": "13.0.2",
        "contentHash": "R2pZ3B0UjeyHShm9vG+Tu0EBb2lC8b0dFzV9gVn50ofHXh9Smjk6kTn7A/FdAsC8B5cKib1OnGYOXxRBz5XQDg=="
      },
      "NLog": {
        "type": "Transitive",
        "resolved": "5.2.8",
        "contentHash": "jAIELkWBs1CXFPp986KSGpDFQZHCFccO+LMbKBTTNm42KifaI1mYzFMFQQfuGmGMTrCx0TFPhDjHDE4cLAZWiQ=="
      },
      "NLog.Schema": {
        "type": "Transitive",
        "resolved": "5.2.8",
        "contentHash": "59DAHYtNolhSpKuzjvHtD11xcPd/BwWyV1y7Tlm6nYEyvj8EsQJdponmLYae3i2Q5k9HHwAfRm/MvIvhZPTLBg=="
      },
      "NuGet.Versioning": {
        "type": "Transitive",
        "resolved": "6.9.1",
        "contentHash": "ypnSvEtpNGo48bAWn95J1oHChycCXcevFSbn53fqzLxlXFSZP7dawu8p/7mHAfGufZQSV2sBpW80XQGIfXO8kQ=="
      },
      "protobuf-net": {
        "type": "Transitive",
        "resolved": "3.1.22",
        "contentHash": "wf0E7Y4az3U/9lrmOo95efX4/SmiBYVhgevvVtOQs2y7LFxdhRIoRQVfz3URqS6XuQeyDx8noE65rqC+mpnE1w==",
        "dependencies": {
          "protobuf-net.Core": "3.1.22"
        }
      },
      "protobuf-net.Core": {
        "type": "Transitive",
        "resolved": "3.1.22",
        "contentHash": "82iIFBuQW2K8kixHQ1Eo6qWfnztNYRGU6OGqGmq7c0r8T9X9y9j79SHQSeI/hK3gK6EvHbYMfeGhpRJzA/zv1Q=="
      },
      "QRCoder": {
        "type": "Transitive",
        "resolved": "1.4.3",
        "contentHash": "fWuFqjm8GTlEb2GqBl3Hi8HZZeZQwBSHxvRPtPjyNbT82H0ff0JwavKRBmMaXCno1Av6McPC8aJzri0Mj2w9Jw==",
        "dependencies": {
          "System.Drawing.Common": "6.0.0"
        }
      },
      "SQLitePCLRaw.bundle_green": {
        "type": "Transitive",
        "resolved": "2.1.5",
        "contentHash": "TEWM06zE7it0rKSi9au7o9lE2IsLj+MNF5x5DGpTHPw4Io+0hI6Azfi6tCWR2ijS+nqN6L93Q1p+5Rc+dDxXPQ==",
        "dependencies": {
          "SQLitePCLRaw.lib.e_sqlite3": "2.1.5",
          "SQLitePCLRaw.provider.e_sqlite3": "2.1.5"
        }
      },
      "SQLitePCLRaw.core": {
        "type": "Transitive",
        "resolved": "2.1.5",
        "contentHash": "gZQMpefwszRkDjnNGxVmykOIaVAzBsR082ODO2myRFcyeSGiv4B1E4Ol+lijqD/SXK/ofyO2/U7dOwVfnzaVdg==",
        "dependencies": {
          "System.Memory": "4.5.3"
        }
      },
      "SQLitePCLRaw.lib.e_sqlite3": {
        "type": "Transitive",
        "resolved": "2.1.5",
        "contentHash": "Fqp/FQlb+USnEC2qfWOdsY4fFir3sob9BQMgdT3rcamUAoB7id8V0WknWdsFnE4TXBKDiM79+oPoZoHAuU/dsg=="
      },
      "SQLitePCLRaw.provider.e_sqlite3": {
        "type": "Transitive",
        "resolved": "2.1.5",
        "contentHash": "/HG+f7/NZn+51NItD3LKJCMWL5AI9aEkqIYplr4eHeWmMf+TEn8cYxkhQ1jUA9bSUscCHlZbNt+nyegZxQ1SLw==",
        "dependencies": {
          "SQLitePCLRaw.core": "2.1.5"
        }
      },
      "System.CodeDom": {
        "type": "Transitive",
        "resolved": "6.0.0",
        "contentHash": "CPc6tWO1LAer3IzfZufDBRL+UZQcj5uS207NHALQzP84Vp/z6wF0Aa0YZImOQY8iStY0A2zI/e3ihKNPfUm8XA=="
      },
      "System.Configuration.ConfigurationManager": {
        "type": "Transitive",
        "resolved": "6.0.0",
        "contentHash": "7T+m0kDSlIPTHIkPMIu6m6tV6qsMqJpvQWW2jIc2qi7sn40qxFo0q+7mEQAhMPXZHMKnWrnv47ntGlM/ejvw3g==",
        "dependencies": {
          "System.Security.Cryptography.ProtectedData": "6.0.0",
          "System.Security.Permissions": "6.0.0"
        }
      },
      "System.Drawing.Common": {
        "type": "Transitive",
        "resolved": "6.0.0",
        "contentHash": "NfuoKUiP2nUWwKZN6twGqXioIe1zVD0RIj2t976A+czLHr2nY454RwwXs6JU9Htc6mwqL6Dn/nEL3dpVf2jOhg==",
        "dependencies": {
          "Microsoft.Win32.SystemEvents": "6.0.0"
        }
      },
      "System.IO.Pipelines": {
        "type": "Transitive",
        "resolved": "8.0.0",
        "contentHash": "FHNOatmUq0sqJOkTx+UF/9YK1f180cnW5FVqnQMvYUN0elp6wFzbtPSiqbo1/ru8ICp43JM1i7kKkk6GsNGHlA=="
      },
      "System.Management": {
        "type": "Transitive",
        "resolved": "6.0.0",
        "contentHash": "sHsESYMmPDhQuOC66h6AEOs/XowzKsbT9srMbX71TCXP58hkpn1BqBjdmKj1+DCA/WlBETX1K5WjQHwmV0Txrg==",
        "dependencies": {
          "System.CodeDom": "6.0.0"
        }
      },
      "System.Memory": {
        "type": "Transitive",
        "resolved": "4.5.5",
        "contentHash": "XIWiDvKPXaTveaB7HVganDlOCRoj03l+jrwNvcge/t8vhGYKvqV+dMv6G4SAX2NoNmN0wZfVPTAlFwZcZvVOUw=="
      },
      "System.Runtime.CompilerServices.Unsafe": {
        "type": "Transitive",
        "resolved": "6.0.0",
        "contentHash": "/iUeP3tq1S0XdNNoMz5C9twLSrM/TH+qElHkXWaPvuNOt+99G75NrV0OS2EqHx5wMN7popYjpc8oTjC1y16DLg=="
      },
      "System.Security.AccessControl": {
        "type": "Transitive",
        "resolved": "6.0.0",
        "contentHash": "AUADIc0LIEQe7MzC+I0cl0rAT8RrTAKFHl53yHjEUzNVIaUlhFY11vc2ebiVJzVBuOzun6F7FBA+8KAbGTTedQ=="
      },
      "System.Security.Cryptography.ProtectedData": {
        "type": "Transitive",
        "resolved": "6.0.0",
        "contentHash": "rp1gMNEZpvx9vP0JW0oHLxlf8oSiQgtno77Y4PLUBjSiDYoD77Y8uXHr1Ea5XG4/pIKhqAdxZ8v8OTUtqo9PeQ=="
      },
      "System.Security.Permissions": {
        "type": "Transitive",
        "resolved": "6.0.0",
        "contentHash": "T/uuc7AklkDoxmcJ7LGkyX1CcSviZuLCa4jg3PekfJ7SU0niF0IVTXwUiNVP9DSpzou2PpxJ+eNY2IfDM90ZCg==",
        "dependencies": {
          "System.Security.AccessControl": "6.0.0",
          "System.Windows.Extensions": "6.0.0"
        }
      },
      "System.Security.Principal.Windows": {
        "type": "Transitive",
        "resolved": "4.5.0",
        "contentHash": "U77HfRXlZlOeIXd//Yoj6Jnk8AXlbeisf1oq1os+hxOGVnuG+lGSfGqTwTZBoORFF6j/0q7HXIl8cqwQ9aUGqQ==",
        "dependencies": {
          "Microsoft.NETCore.Platforms": "2.0.0"
        }
      },
      "System.Text.Encodings.Web": {
        "type": "Transitive",
        "resolved": "8.0.0",
        "contentHash": "yev/k9GHAEGx2Rg3/tU6MQh4HGBXJs70y7j1LaM1i/ER9po+6nnQ6RRqTJn1E7Xu0fbIFK80Nh5EoODxrbxwBQ=="
      },
      "System.Threading.Channels": {
        "type": "Transitive",
        "resolved": "8.0.0",
        "contentHash": "CMaFr7v+57RW7uZfZkPExsPB6ljwzhjACWW1gfU35Y56rk72B/Wu+sTqxVmGSk4SFUlPc3cjeKND0zktziyjBA=="
      },
      "System.Windows.Extensions": {
        "type": "Transitive",
        "resolved": "6.0.0",
        "contentHash": "IXoJOXIqc39AIe+CIR7koBtRGMiCt/LPM3lI+PELtDIy9XdyeSrwXFdWV9dzJ2Awl0paLWUaknLxFQ5HpHZUog==",
        "dependencies": {
          "System.Drawing.Common": "6.0.0"
        }
      },
      "VkNet": {
        "type": "Transitive",
        "resolved": "1.70.0",
        "contentHash": "f/RQMRakhI9XVz9RNXUWT12nwvm3tgcrxbMEfJZz0c5XB6NW8dG9agTepwQ7lvD7GIKR6c3mVIqK8YO8hFrAVA==",
        "dependencies": {
          "HtmlAgilityPack": "1.11.43",
          "Microsoft.Extensions.DependencyInjection": "6.0.0",
          "Microsoft.Extensions.Logging.Abstractions": "6.0.1",
          "Newtonsoft.Json": "13.0.1",
          "System.Text.Encoding.CodePages": "6.0.0"
        }
      },
      "discordrpc": {
        "type": "Project",
        "dependencies": {
          "Microsoft.Win32.Registry": "[4.5.0, )",
          "Newtonsoft.Json": "[12.0.2, )"
        }
      },
      "ffmediatoolkit": {
        "type": "Project",
        "dependencies": {
          "FFmpeg.AutoGen": "[5.1.2.3, )"
        }
      },
      "musicx.core": {
        "type": "Project",
        "dependencies": {
          "DiscordRPC": "[1.0.0, )",
          "Microsoft.AspNetCore.SignalR.Client": "[8.0.3, )",
          "MusicX.Shared": "[1.0.0, )",
          "NLog": "[5.2.8, )",
          "NLog.Schema": "[5.2.8, )",
          "System.Linq.Async": "[6.0.1, )",
          "VkNet": "[1.70.0, )",
          "VkNet.AudioBypassService": "[1.7.2, )",
          "VkNet.Extensions.DependencyInjection": "[1.0.0, )"
        }
      },
      "musicx.shared": {
        "type": "Project",
        "dependencies": {
          "SignalR.Protobuf": "[1.0.0, )",
          "System.Text.Json": "[7.0.0-rc.2.22472.3, )"
        }
      },
      "signalr.protobuf": {
        "type": "Project",
        "dependencies": {
          "Microsoft.AspNetCore.SignalR.Common": "[6.0.10, )",
          "protobuf-net": "[3.1.22, )"
        }
      },
      "vknet.audiobypassservice": {
        "type": "Project",
        "dependencies": {
          "Microsoft.Extensions.DependencyInjection": "[8.0.0, )",
          "Microsoft.Extensions.Http": "[8.0.0, )",
          "System.Text.Json": "[8.0.3, )",
          "VkNet": "[1.70.0, )",
          "VkNet.Extensions.DependencyInjection": "[1.0.0, )",
          "protobuf-net": "[3.0.101, )"
        }
      },
      "vknet.extensions.dependencyinjection": {
        "type": "Project",
        "dependencies": {
          "VkNet": "[1.70.0, )"
        }
      }
    },
    "net7.0-windows10.0.22621/win10-x64": {
      "Microsoft.VCRTForwarders.140": {
        "type": "Direct",
        "requested": "[1.0.8-pre, )",
        "resolved": "1.0.8-pre",
        "contentHash": "KhAP4zat4NFaJ2MedW4pM0PpV8dERXdA8VHo0HkNp1NGTVvbn55ixDMsPrqJA5mNS5bnakIq9kOfI/e/jWnqLA=="
      },
      "System.Text.Encoding.CodePages": {
        "type": "Direct",
        "requested": "[8.0.0, )",
        "resolved": "8.0.0",
        "contentHash": "OZIsVplFGaVY90G2SbpgU7EnCoOO5pw1t4ic21dBF3/1omrJFpAGoNAVpPyMVOC90/hvgkGG3VFqR13YgZMQfg=="
      },
      "FFmpegInteropX.Desktop.FFmpeg": {
        "type": "Transitive",
        "resolved": "5.1.100-pre3",
        "contentHash": "0s2EqrsMBsR37eP0LL/0iIr5qmY3txHaP20K21QaZbVgve4sEndrRk/d5kkD7Ks/S73jIrIuXY3UvJcOz65aWg==",
        "dependencies": {
          "Microsoft.Windows.CsWinRT": "2.0.0"
        }
      },
      "FFmpegInteropX.Desktop.Lib": {
        "type": "Transitive",
        "resolved": "2.0.0-pre3",
        "contentHash": "LOInPKHQtH0QEDtqCJx9s9m2c54LT8tsN+rly+W1oQ0rUfElvrmeExvDE0Y6/X/Ju5EwXWm+lN9ZgVS8ng+YPA==",
        "dependencies": {
          "Microsoft.Windows.CsWinRT": "2.0.0"
        }
      },
      "Microsoft.Win32.Registry": {
        "type": "Transitive",
        "resolved": "4.5.0",
        "contentHash": "+FWlwd//+Tt56316p00hVePBCouXyEzT86Jb3+AuRotTND0IYn0OO3obs1gnQEs/txEnt+rF2JBGLItTG+Be6A==",
        "dependencies": {
          "System.Security.AccessControl": "4.5.0",
          "System.Security.Principal.Windows": "4.5.0"
        }
      },
      "Microsoft.Win32.SystemEvents": {
        "type": "Transitive",
        "resolved": "6.0.0",
        "contentHash": "hqTM5628jSsQiv+HGpiq3WKBl2c8v1KZfby2J6Pr7pEPlK9waPdgEO6b8A/+/xn/yZ9ulv8HuqK71ONy2tg67A=="
      },
      "SQLitePCLRaw.lib.e_sqlite3": {
        "type": "Transitive",
        "resolved": "2.1.5",
        "contentHash": "Fqp/FQlb+USnEC2qfWOdsY4fFir3sob9BQMgdT3rcamUAoB7id8V0WknWdsFnE4TXBKDiM79+oPoZoHAuU/dsg=="
      },
      "System.Drawing.Common": {
        "type": "Transitive",
        "resolved": "6.0.0",
        "contentHash": "NfuoKUiP2nUWwKZN6twGqXioIe1zVD0RIj2t976A+czLHr2nY454RwwXs6JU9Htc6mwqL6Dn/nEL3dpVf2jOhg==",
        "dependencies": {
          "Microsoft.Win32.SystemEvents": "6.0.0"
        }
      },
      "System.Management": {
        "type": "Transitive",
        "resolved": "6.0.0",
        "contentHash": "sHsESYMmPDhQuOC66h6AEOs/XowzKsbT9srMbX71TCXP58hkpn1BqBjdmKj1+DCA/WlBETX1K5WjQHwmV0Txrg==",
        "dependencies": {
          "System.CodeDom": "6.0.0"
        }
      },
      "System.Security.AccessControl": {
        "type": "Transitive",
        "resolved": "6.0.0",
        "contentHash": "AUADIc0LIEQe7MzC+I0cl0rAT8RrTAKFHl53yHjEUzNVIaUlhFY11vc2ebiVJzVBuOzun6F7FBA+8KAbGTTedQ=="
      },
      "System.Security.Cryptography.ProtectedData": {
        "type": "Transitive",
        "resolved": "6.0.0",
        "contentHash": "rp1gMNEZpvx9vP0JW0oHLxlf8oSiQgtno77Y4PLUBjSiDYoD77Y8uXHr1Ea5XG4/pIKhqAdxZ8v8OTUtqo9PeQ=="
      },
      "System.Security.Principal.Windows": {
        "type": "Transitive",
        "resolved": "4.5.0",
        "contentHash": "U77HfRXlZlOeIXd//Yoj6Jnk8AXlbeisf1oq1os+hxOGVnuG+lGSfGqTwTZBoORFF6j/0q7HXIl8cqwQ9aUGqQ==",
        "dependencies": {
          "Microsoft.NETCore.Platforms": "2.0.0"
        }
      },
      "System.Text.Encodings.Web": {
        "type": "Transitive",
        "resolved": "8.0.0",
        "contentHash": "yev/k9GHAEGx2Rg3/tU6MQh4HGBXJs70y7j1LaM1i/ER9po+6nnQ6RRqTJn1E7Xu0fbIFK80Nh5EoODxrbxwBQ=="
      },
      "System.Windows.Extensions": {
        "type": "Transitive",
        "resolved": "6.0.0",
        "contentHash": "IXoJOXIqc39AIe+CIR7koBtRGMiCt/LPM3lI+PELtDIy9XdyeSrwXFdWV9dzJ2Awl0paLWUaknLxFQ5HpHZUog==",
        "dependencies": {
          "System.Drawing.Common": "6.0.0"
        }
      }
    }
  }
}