{
  "version": 1,
  "dependencies": {
    "net10.0-windows10.0.22621": {
      "AsyncAwaitBestPractices.MVVM": {
        "type": "Direct",
        "requested": "[10.0.0, )",
        "resolved": "10.0.0",
        "contentHash": "FCBYWtMpW3M3qxVN1tRAkT52FJ8zvz+DUsYxzafA5hR0vdn8g5xy3OuL7xufYv74fvRyTNAmDt8p2p6M1udJSA==",
        "dependencies": {
          "AsyncAwaitBestPractices": "10.0.0"
        }
      },
      "FFmpegInteropX": {
        "type": "Direct",
        "requested": "[2.0.0-pre7, )",
        "resolved": "2.0.0-pre7",
        "contentHash": "vXuhMciwZzJqYdjvSL0YXOXaAJsVNgO+YlDXYUNFYrMCcJrU/1xeMm0No+E+T3Y3PXoNbrESZxs9WsRLQOcSIQ==",
        "dependencies": {
          "FFmpegInteropX.Desktop.FFmpeg": "7.0.100-pre3",
          "FFmpegInteropX.Desktop.Lib": "2.0.0-pre7"
        }
      },
      "HandyControl": {
        "type": "Direct",
        "requested": "[3.5.1, )",
        "resolved": "3.5.1",
        "contentHash": "i2i0xrLev7F1MFnhf0DP1CNCdGw8hVJ0HJrI0kxRv02ZJgaAzLzDTgAXDPY8GAoD3aYnBLSgM74lBHZ844KQnQ=="
      },
      "MdXaml": {
        "type": "Direct",
        "requested": "[1.27.0, )",
        "resolved": "1.27.0",
        "contentHash": "VWhqhCeKVkJe8vkPmXuGZlRX01WDrTugOLeUvJn18jH/8DrGGVBvtgIlJoELHD2f1DiEWqF3lxxjV55vnzE7Tg==",
        "dependencies": {
          "AvalonEdit": "6.3.0.90",
          "MdXaml.Plugins": "1.27.0"
        }
      },
      "Microsoft.Toolkit.Uwp.Notifications": {
        "type": "Direct",
        "requested": "[7.1.3, )",
        "resolved": "7.1.3",
        "contentHash": "A1dglAzb24gjehmb7DwGd07mfyZ1gacAK7ObE0KwDlRc3mayH2QW7cSOy3TkkyELjLg19OQBuhPOj4SpXET9lg=="
      },
      "Microsoft.VCRTForwarders.140": {
        "type": "Direct",
        "requested": "[1.1.0, )",
        "resolved": "1.1.0",
        "contentHash": "RqSGSk7kXXEBa4Bu/I7XFmF7Op6DdSmn46gqlywwmvLG/2JDnCsxrAryQfnIilkyt42R4RkOzXdgIzAs2p6XdA=="
      },
      "Microsoft.Web.WebView2": {
        "type": "Direct",
        "requested": "[1.0.3595.46, )",
        "resolved": "1.0.3595.46",
        "contentHash": "j+yzqAKwC8Zn+3FL5XJxm6N0Rh5iDqTANBfFaYvnjyRpbpqt3qkpFcqMWLjqEBGiWEClh3zLCkJINwRUcr1KxQ=="
      },
      "Microsoft.Windows.CsWin32": {
        "type": "Direct",
        "requested": "[0.3.257, )",
        "resolved": "0.3.257",
        "contentHash": "tLFBLCPEkuYw6f4NeNakRNrjQjUiJY1kN+i15alHNWWt/5SUbOna9CrN3RyWkj8JgFRUKv/An+7gVqO4xOlAMg==",
        "dependencies": {
          "Microsoft.Windows.SDK.Win32Docs": "0.1.42-alpha",
          "Microsoft.Windows.SDK.Win32Metadata": "65.0.8-preview",
          "Microsoft.Windows.WDK.Win32Metadata": "0.13.25-experimental"
        }
      },
      "MonoMod.RuntimeDetour": {
        "type": "Direct",
        "requested": "[25.3.3, )",
        "resolved": "25.3.3",
        "contentHash": "IU2JnGoYUjqxJImgMuA5dTdOrhzW1KNnoo0XM9LBrkO7vN+RN7GMOrIRTh9BZ3c0V9G+wAqQNcBMsL4S4Dj6HA==",
        "dependencies": {
          "Mono.Cecil": "0.11.6",
          "MonoMod.Backports": "1.1.2",
          "MonoMod.Core": "1.3.3",
          "MonoMod.ILHelpers": "1.1.0",
          "MonoMod.Utils": "25.0.11"
        }
      },
      "Ookii.Dialogs.Wpf": {
        "type": "Direct",
        "requested": "[5.0.1, )",
        "resolved": "5.0.1",
        "contentHash": "iZNnZwqTpK0cfR0vkotncP1c025/PHlIdzc7iEKBYwhVv1V0zXp9/RT/O0kMhsmlwXqRxxbE4pdhfinbJXtjPg=="
      },
      "PropertyChanged.Fody": {
        "type": "Direct",
        "requested": "[4.1.0, )",
        "resolved": "4.1.0",
        "contentHash": "6v+f9cI8YjnZH2WBHuOqWEAo8DFFNGFIdU8xD3AsL6fhV6Y8oAmVWd7XKk49t8DpeUBwhR/X+97+6Epvek0Y3A==",
        "dependencies": {
          "Fody": "6.6.4"
        }
      },
      "QRCoder.Xaml": {
        "type": "Direct",
        "requested": "[1.7.0, )",
        "resolved": "1.7.0",
        "contentHash": "DG4S0qv3ih+ddnHKHydiDU3yXLOgfZ+9ldiPv8J2UjlJHuEzy4BRjYi80concKasJX7sY96/iUl8/XuS/szaWQ==",
        "dependencies": {
          "QRCoder": "1.7.0"
        }
      },
      "Sentry.NLog": {
        "type": "Direct",
        "requested": "[5.16.2, )",
        "resolved": "5.16.2",
        "contentHash": "yO+IDx6hdFofCbd1sOJTB5xmjWmR62zw4jA3hVlk1oBpN4fwb6FMYnB+rji5taOLGpwxdQhPWng1trDP0z68aQ==",
        "dependencies": {
          "NLog": "5.2.4",
          "Sentry": "5.16.2"
        }
      },
      "System.Linq.Async": {
        "type": "Direct",
        "requested": "[7.0.0, )",
        "resolved": "7.0.0",
        "contentHash": "A2Wci92Oyuodi8YLMQCJJ0vHqzgRFgEUG1K6tQNcoxHd3w05B1LvGzXvxQnGYPIL4Cr4hicHytpk2F2Jx8TZHg==",
        "dependencies": {
          "System.Interactive.Async": "7.0.0"
        }
      },
      "taglib-sharp-netstandard2.0": {
        "type": "Direct",
        "requested": "[2.1.0, )",
        "resolved": "2.1.0",
        "contentHash": "w45LreEPpV/vOfgpYBI1cNqiLvj8yQ8f7kJaMYtzTAsg26ZdHWnh5vPuy2/F9tCKhmgNB0s+zOBwdcEb4qk3Tg=="
      },
      "Velopack": {
        "type": "Direct",
        "requested": "[0.0.1298, )",
        "resolved": "0.0.1298",
        "contentHash": "PJ6Nm28qJ4ChsHYzgHUJ8g+DGyyHes2+bwxY709+znMhgi8fMp8M1FTF8x6pZMjnsPCWVwoMlxVEyq0NLeRZtA==",
        "dependencies": {
          "NuGet.Versioning": "6.14.0"
        }
      },
      "WPF-UI": {
        "type": "Direct",
        "requested": "[3.0.5, )",
        "resolved": "3.0.5",
        "contentHash": "vha596eFVZ0j/zjpPrYxqaBNZzr17ROOihQ/xqgTVPMx5cmHAVKPulbaUmHKXo0QHGkqvwaPNxYH/HTS/UroTQ=="
      },
      "WPF-UI.Tray": {
        "type": "Direct",
        "requested": "[3.0.5, )",
        "resolved": "3.0.5",
        "contentHash": "pN7vprWdLiSRQ8jeabEwpDupfYZ1w3X5X4+CpKANRNxNF95EDZo3M/ULDo7zTlHk4LGoSc89mRZi8NYvC6pv/A==",
        "dependencies": {
          "WPF-UI": "3.0.5"
        }
      },
      "WpfScreenHelper": {
        "type": "Direct",
        "requested": "[2.1.1, )",
        "resolved": "2.1.1",
        "contentHash": "xNgiwHaLXOYE4jYYIQ7ddDtsN8diUnjl9t07INUA2pN6Bi/czRjbNwDYyljmixOnLjTv4NU8beDUe+wp1PMi4g=="
      },
      "AsyncAwaitBestPractices": {
        "type": "Transitive",
        "resolved": "10.0.0",
        "contentHash": "HRK/K4MSlx0b3FZ+LMP3ZvbTS+Ts361lhwp47CQZaESX/9cl5UIKOC0fWb5AbGNZxj96pKRvl7/Wrxj/J8LG/g=="
      },
      "AvalonEdit": {
        "type": "Transitive",
        "resolved": "6.3.0.90",
        "contentHash": "WVTb5MxwGqKdeasd3nG5udlV4t6OpvkFanziwI133K0/QJ5FvZmfzRQgpAjGTJhQfIA8GP7AzKQ3sTY9JOFk8Q=="
      },
      "FFmpeg.AutoGen": {
        "type": "Transitive",
        "resolved": "7.0.0",
        "contentHash": "RzSgOmHWzEpYzA3zl2Ac3iOdkk1ZCDgJBlRjHBIlaXHJg9aWEmPCzo0qDgEESZDNA7RaD2g4xn7yrKvT1q0Paw=="
      },
      "FFmpegInteropX.Desktop.FFmpeg": {
        "type": "Transitive",
        "resolved": "7.0.100-pre3",
        "contentHash": "WDtjAYMMlbG9pU+WTtmfPeDMy24vCngAauzH/C9TnBHCS+EAS1Ziz7D5OrCxSSvgUVdd1QaDzQI+z4z4qYVzdQ==",
        "dependencies": {
          "Microsoft.Windows.CsWinRT": "2.0.0"
        }
      },
      "FFmpegInteropX.Desktop.Lib": {
        "type": "Transitive",
        "resolved": "2.0.0-pre7",
        "contentHash": "eD38J/oGPX4xIcPCHSq4p4TgGSxbRb319V10KG+xYbmfsQ/7kuo2Y5zCHy5vaZtAKlnY3J8BcdG6j+wIzzRnGQ==",
        "dependencies": {
          "Microsoft.Windows.CsWinRT": "2.0.0"
        }
      },
      "Fody": {
        "type": "Transitive",
        "resolved": "6.6.4",
        "contentHash": "vLZS+oa+ndUHYPlx/8n9bBTT3dHkCF0riml4paKq4D663+cZd47x1uagQo32D/gKFZ/sfmV1oqKaLmH0elxq4A=="
      },
      "HtmlAgilityPack": {
        "type": "Transitive",
        "resolved": "1.11.58",
        "contentHash": "/LzjIKoAWdyXOn6o+zJTN2qpNIwfaDWbSQ974pVRwnzHsUFohIOSILdtkPrSO6YC38MNj4nDbpr1RkVBDE1RWQ=="
      },
      "MdXaml.Plugins": {
        "type": "Transitive",
        "resolved": "1.27.0",
        "contentHash": "We7LtBdoukRg9mqTfa1f5n8z/GQPMKBRj3URk9DiMuqzIHkW1lTgK5njVPSScxsRt4YzW22423tSnLWNm2MJKg=="
      },
      "Microsoft.AspNetCore.Connections.Abstractions": {
        "type": "Transitive",
        "resolved": "10.0.0",
        "contentHash": "MPXDzUknemj+sCL/LYOLvU/qIX3o9zCJtKXu9jcwNMQiOvwuv75lV20p3qGENA/ynTH7hOPFqDUEGBT30IvhEA==",
        "dependencies": {
          "Microsoft.Extensions.Features": "10.0.0"
        }
      },
      "Microsoft.AspNetCore.Http.Connections.Client": {
        "type": "Transitive",
        "resolved": "10.0.0",
        "contentHash": "7nSER+de0V6mWTcdUqBJZlm1XMz+Y2mTHzL3B/msVF+JfSXXZtKNVC18TI7AeSz4PD//b5qpy8n0RQEIVByfJw==",
        "dependencies": {
          "Microsoft.AspNetCore.Http.Connections.Common": "10.0.0",
          "Microsoft.Extensions.Logging.Abstractions": "10.0.0",
          "Microsoft.Extensions.Options": "10.0.0"
        }
      },
      "Microsoft.AspNetCore.Http.Connections.Common": {
        "type": "Transitive",
        "resolved": "10.0.0",
        "contentHash": "VaEGwazymaL4NB+JoAdvM/IaFg5IIg1WXtVgKmD/y3Et2qnPxolAlMXYJrI8k1EPjmoIcXQZHTj47MskRRyRIA==",
        "dependencies": {
          "Microsoft.AspNetCore.Connections.Abstractions": "10.0.0"
        }
      },
      "Microsoft.AspNetCore.SignalR.Client": {
        "type": "Transitive",
        "resolved": "10.0.0",
        "contentHash": "XHPNPLqPX7CVJ5JuaumTP58sAVrQG4TqFKLFOtN1mZIwgEUHKwtDeMwL0G8dIvy9zcpi7os4CYAHvA1bUUTzVw==",
        "dependencies": {
          "Microsoft.AspNetCore.Http.Connections.Client": "10.0.0",
          "Microsoft.AspNetCore.SignalR.Client.Core": "10.0.0"
        }
      },
      "Microsoft.AspNetCore.SignalR.Client.Core": {
        "type": "Transitive",
        "resolved": "10.0.0",
        "contentHash": "MrXjT7YNV0e1Jb3Hai6kX/Ot7X2SlONHv5IC5XNGeycTTLu3qitJ7DXZUsPPZs6yanWIOsIKjPEY58ARHdRKGg==",
        "dependencies": {
          "Microsoft.AspNetCore.SignalR.Common": "10.0.0",
          "Microsoft.AspNetCore.SignalR.Protocols.Json": "10.0.0",
          "Microsoft.Extensions.DependencyInjection": "10.0.0",
          "Microsoft.Extensions.Logging": "10.0.0"
        }
      },
      "Microsoft.AspNetCore.SignalR.Common": {
        "type": "Transitive",
        "resolved": "10.0.0",
        "contentHash": "pyG6FLV4/EeOQeZ30ra4aUYycJQPT/9ddB91aplMKwEGT5KbEs//WMqMObVGvDREP508EB4QUAKzacSVi30nxw==",
        "dependencies": {
          "Microsoft.AspNetCore.Connections.Abstractions": "10.0.0",
          "Microsoft.Extensions.Options": "10.0.0"
        }
      },
      "Microsoft.AspNetCore.SignalR.Protocols.Json": {
        "type": "Transitive",
        "resolved": "10.0.0",
        "contentHash": "L++SCI4pcG9uo7HTzAFTX33BsZFDHCdukJIK+/S4tgH/kcJlPTp9QS96E4zgOuzXRDrzaunwbFSS2DElTmWGRA==",
        "dependencies": {
          "Microsoft.AspNetCore.SignalR.Common": "10.0.0"
        }
      },
      "Microsoft.Extensions.Configuration": {
        "type": "Transitive",
        "resolved": "10.0.1",
        "contentHash": "njoRekyMIK+smav8B6KL2YgIfUtlsRNuT7wvurpLW+m/hoRKVnoELk2YxnUnWRGScCd1rukLMxShwLqEOKowDg==",
        "dependencies": {
          "Microsoft.Extensions.Configuration.Abstractions": "10.0.1",
          "Microsoft.Extensions.Primitives": "10.0.1"
        }
      },
      "Microsoft.Extensions.Configuration.Abstractions": {
        "type": "Transitive",
        "resolved": "10.0.1",
        "contentHash": "kPlU11hql+L9RjrN2N9/0GcRcRcZrNFlLLjadasFWeBORT6pL6OE+RYRk90GGCyVGSxTK+e1/f3dsMj5zpFFiQ==",
        "dependencies": {
          "Microsoft.Extensions.Primitives": "10.0.1"
        }
      },
      "Microsoft.Extensions.Configuration.Binder": {
        "type": "Transitive",
        "resolved": "10.0.1",
        "contentHash": "Lp4CZIuTVXtlvkAnTq6QvMSW7+H62gX2cU2vdFxHQUxvrWTpi7LwYI3X+YAyIS0r12/p7gaosco7efIxL4yFNw==",
        "dependencies": {
          "Microsoft.Extensions.Configuration": "10.0.1",
          "Microsoft.Extensions.Configuration.Abstractions": "10.0.1"
        }
      },
      "Microsoft.Extensions.DependencyInjection": {
        "type": "Transitive",
        "resolved": "10.0.1",
        "contentHash": "zerXV0GAR9LCSXoSIApbWn+Dq1/T+6vbXMHGduq1LoVQRHT0BXsGQEau0jeLUBUcsoF/NaUT8ADPu8b+eNcIyg==",
        "dependencies": {
          "Microsoft.Extensions.DependencyInjection.Abstractions": "10.0.1"
        }
      },
      "Microsoft.Extensions.DependencyInjection.Abstractions": {
        "type": "Transitive",
        "resolved": "10.0.1",
        "contentHash": "oIy8fQxxbUsSrrOvgBqlVgOeCtDmrcynnTG+FQufcUWBrwyPfwlUkCDB2vaiBeYPyT+20u9/HeuHeBf+H4F/8g=="
      },
      "Microsoft.Extensions.Diagnostics": {
        "type": "Transitive",
        "resolved": "10.0.1",
        "contentHash": "YaocqxscJLxLit0F5yq2XyB+9C7rSRfeTL7MJIl7XwaOoUO3i0EqfO2kmtjiRduYWw7yjcSINEApYZbzjau2gQ==",
        "dependencies": {
          "Microsoft.Extensions.Configuration": "10.0.1",
          "Microsoft.Extensions.Diagnostics.Abstractions": "10.0.1",
          "Microsoft.Extensions.Options.ConfigurationExtensions": "10.0.1"
        }
      },
      "Microsoft.Extensions.Diagnostics.Abstractions": {
        "type": "Transitive",
        "resolved": "10.0.1",
        "contentHash": "QMoMrkNpnQym5mpfdxfxpRDuqLpsOuztguFvzH9p+Ex+do+uLFoi7UkAsBO4e9/tNR3eMFraFf2fOAi2cp3jjA==",
        "dependencies": {
          "Microsoft.Extensions.DependencyInjection.Abstractions": "10.0.1",
          "Microsoft.Extensions.Options": "10.0.1"
        }
      },
      "Microsoft.Extensions.Features": {
        "type": "Transitive",
        "resolved": "10.0.0",
        "contentHash": "kCFjPpfvz0K00xIpe7wJKre1gFJdNIu9+1BYJLklu3GWb+uU4HIjza0uMBQeFGZws9VJos9LeO+PUfvGcre+9g=="
      },
      "Microsoft.Extensions.Http": {
        "type": "Transitive",
        "resolved": "10.0.1",
        "contentHash": "ZXJup9ReE1Ot3M8jqcw1b/lnc8USxyYS3cyLsssU39u04TES9JNGviWUGIvP3K7mMU3TF7kQl2aS0SmVwegflw==",
        "dependencies": {
          "Microsoft.Extensions.Configuration.Abstractions": "10.0.1",
          "Microsoft.Extensions.DependencyInjection.Abstractions": "10.0.1",
          "Microsoft.Extensions.Diagnostics": "10.0.1",
          "Microsoft.Extensions.Logging": "10.0.1",
          "Microsoft.Extensions.Logging.Abstractions": "10.0.1",
          "Microsoft.Extensions.Options": "10.0.1"
        }
      },
      "Microsoft.Extensions.Logging": {
        "type": "Transitive",
        "resolved": "10.0.1",
        "contentHash": "9ItMpMLFZFJFqCuHLLbR3LiA4ahA8dMtYuXpXl2YamSDWZhYS9BruPprkftY0tYi2bQ0slNrixdFm+4kpz1g5w==",
        "dependencies": {
          "Microsoft.Extensions.DependencyInjection": "10.0.1",
          "Microsoft.Extensions.Logging.Abstractions": "10.0.1",
          "Microsoft.Extensions.Options": "10.0.1"
        }
      },
      "Microsoft.Extensions.Logging.Abstractions": {
        "type": "Transitive",
        "resolved": "10.0.1",
        "contentHash": "YkmyiPIWAXVb+lPIrM0LE5bbtLOJkCiRTFiHpkVOvhI7uTvCfoOHLEN0LcsY56GpSD7NqX3gJNpsaDe87/B3zg==",
        "dependencies": {
          "Microsoft.Extensions.DependencyInjection.Abstractions": "10.0.1"
        }
      },
      "Microsoft.Extensions.Options": {
        "type": "Transitive",
        "resolved": "10.0.1",
        "contentHash": "G6VVwywpJI4XIobetGHwg7wDOYC2L2XBYdtskxLaKF/Ynb5QBwLl7Q//wxAR2aVCLkMpoQrjSP9VoORkyddsNQ==",
        "dependencies": {
          "Microsoft.Extensions.DependencyInjection.Abstractions": "10.0.1",
          "Microsoft.Extensions.Primitives": "10.0.1"
        }
      },
      "Microsoft.Extensions.Options.ConfigurationExtensions": {
        "type": "Transitive",
        "resolved": "10.0.1",
        "contentHash": "pL78/Im7O3WmxHzlKUsWTYchKL881udU7E26gCD3T0+/tPhWVfjPwMzfN/MRKU7aoFYcOiqcG2k1QTlH5woWow==",
        "dependencies": {
          "Microsoft.Extensions.Configuration.Abstractions": "10.0.1",
          "Microsoft.Extensions.Configuration.Binder": "10.0.1",
          "Microsoft.Extensions.DependencyInjection.Abstractions": "10.0.1",
          "Microsoft.Extensions.Options": "10.0.1",
          "Microsoft.Extensions.Primitives": "10.0.1"
        }
      },
      "Microsoft.Extensions.Primitives": {
        "type": "Transitive",
        "resolved": "10.0.1",
        "contentHash": "DO8XrJkp5x4PddDuc/CH37yDBCs9BYN6ijlKyR3vMb55BP1Vwh90vOX8bNfnKxr5B2qEI3D8bvbY1fFbDveDHQ=="
      },
      "Microsoft.Windows.CsWinRT": {
        "type": "Transitive",
        "resolved": "2.0.0",
        "contentHash": "Z4NdAGpXQbe8bu1amMfqqwjntQy8VsTWYPhcY8KTQCLcxIKzPZm8gsJPt6qIJIJeZd8cR9ig4DQylXNfiXGbaw=="
      },
      "Microsoft.Windows.SDK.Win32Docs": {
        "type": "Transitive",
        "resolved": "0.1.42-alpha",
        "contentHash": "Z/9po23gUA9aoukirh2ItMU2ZS9++Js9Gdds9fu5yuMojDrmArvY2y+tq9985tR3cxFxpZO1O35Wjfo0khj5HA=="
      },
      "Microsoft.Windows.SDK.Win32Metadata": {
        "type": "Transitive",
        "resolved": "65.0.8-preview",
        "contentHash": "U9D/tsGezMDzPpSkQhZDrIwJqtAKSaACoZt2GKHH0q0Z1MOsZ2ZrZkpuYyqISr0EjOERDNYtGFwLxuoDdWRIeg=="
      },
      "Microsoft.Windows.WDK.Win32Metadata": {
        "type": "Transitive",
        "resolved": "0.13.25-experimental",
        "contentHash": "IM50tb/+UIwBr9FMr6ZKcZjCMW+Axo6NjGqKxgjUfyCY8dRnYUfrJEXxAaXoWtYP4X8EmASmC1Jtwh4XucseZg==",
        "dependencies": {
          "Microsoft.Windows.SDK.Win32Metadata": "63.0.31-preview"
        }
      },
      "Mono.Cecil": {
        "type": "Transitive",
        "resolved": "0.11.6",
        "contentHash": "f33RkDtZO8VlGXCtmQIviOtxgnUdym9xx/b1p9h91CRGOsJFxCFOFK1FDbVt1OCf1aWwYejUFa2MOQyFWTFjbA=="
      },
      "MonoMod.Backports": {
        "type": "Transitive",
        "resolved": "1.1.2",
        "contentHash": "baYlNy8n8kmaNhNvqmZ/dIPOeO1r9//dG1i2WbunMWtWZ2EKtIgmXaS+ZzphzTsikkGnoD4Jwr5g0TVdpDjgpw==",
        "dependencies": {
          "MonoMod.ILHelpers": "1.1.0"
        }
      },
      "MonoMod.Core": {
        "type": "Transitive",
        "resolved": "1.3.3",
        "contentHash": "ihX8QeutQcN5DfRGci8Vn3cXWj+gCyBpl5nofDDk1A1ycVxDtcMT8WYpjCd6PXunHXiDT81yhOSrC+cQiNDEWg==",
        "dependencies": {
          "Mono.Cecil": "0.11.6",
          "MonoMod.Backports": "1.1.2",
          "MonoMod.ILHelpers": "1.1.0",
          "MonoMod.Utils": "25.0.11"
        }
      },
      "MonoMod.ILHelpers": {
        "type": "Transitive",
        "resolved": "1.1.0",
        "contentHash": "L2FWjhTrv7tcIxshfZ+M3OcaNr4cNw0IwiVZEgwqRnZ5QAN3+RrNJ8ZwCzwXUWyPDqooJxMcjjg8PsSYUiNBjQ=="
      },
      "MonoMod.Utils": {
        "type": "Transitive",
        "resolved": "25.0.11",
        "contentHash": "RBbGIxk3fIIQIL4ERCZSIwW9BXBCG4HCCHgGJ/QIhwkTpF6Edxu0dLPJi/Efhx4qYkuWEJdhlA3q41GCNUZL5g==",
        "dependencies": {
          "Mono.Cecil": "0.11.6",
          "MonoMod.Backports": "1.1.2",
          "MonoMod.ILHelpers": "1.1.0"
        }
      },
      "Newtonsoft.Json": {
        "type": "Transitive",
        "resolved": "13.0.3",
        "contentHash": "HrC5BXdl00IP9zeV+0Z848QWPAoCr9P3bDEZguI+gkLcBKAOxix/tLEAAHC+UvDNPv4a2d18lOReHMOagPa+zQ=="
      },
      "NLog": {
        "type": "Transitive",
        "resolved": "6.0.6",
        "contentHash": "eUd/LDIwPtufj5OxtzFYiwuoKpzaS87iqO9P9D05avLCk4jIoOlqMwRH0o/43LmzM+CmgVAdDrCOq/rOK0sDKw=="
      },
      "NLog.Schema": {
        "type": "Transitive",
        "resolved": "6.0.6",
        "contentHash": "TMwk9pm+eZFuNBZvqnr6MytsG0ifxoRAgchXKpsgJqO0tk6xkxXEpN5epN57ZDogtfUKyzagAclhAKn9EXe0Iw=="
      },
      "NuGet.Versioning": {
        "type": "Transitive",
        "resolved": "6.14.0",
        "contentHash": "4v4blkhCv8mpKtfx+z0G/X0daVCzdIaHSC51GkUspugi5JIMn2Bo8xm5PdZYF0U68gOBfz/+aPWMnpRd85Jbow=="
      },
      "protobuf-net": {
        "type": "Transitive",
        "resolved": "3.2.56",
        "contentHash": "4IPJeTYAMNewlN8MDaFkcmR/9hLhJeo9eARnTh104zh7mf+vXT2gu5MUfUnkSQU+CH578Q6vcdU7LQDQPG6eaw==",
        "dependencies": {
          "protobuf-net.Core": "3.2.56"
        }
      },
      "protobuf-net.Core": {
        "type": "Transitive",
        "resolved": "3.2.56",
        "contentHash": "d6QOukTpDzs7zZv9tPnBZMtvHDNeHJQXUhMx54g4urUQsXK3oo9U70H9HvklYq7hlQ4A7AHJl7EVEqyCXXIl8Q=="
      },
      "QRCoder": {
        "type": "Transitive",
        "resolved": "1.7.0",
        "contentHash": "6R3hQkayihGIDjp3F1nLRDBWG+nqahGyOY2+fH4Rll16Vad67oaUUfHkOiMWKiJFnGh+PIGDfUos+0R9m54O1g=="
      },
      "Sentry": {
        "type": "Transitive",
        "resolved": "5.16.2",
        "contentHash": "JZiKizATWdBe4dSdvMhp3d/TiMUug3VvWjiu9ZH5UfTbrwGWYUexZ4ZGdyrIB2GuWlLBUWs3Vi1GFv3pNhRKFg=="
      },
      "System.Interactive.Async": {
        "type": "Transitive",
        "resolved": "7.0.0",
        "contentHash": "Ckj+tg2BVOZ0oLp7FAbjfvRyA/BMkUhVxROLd+x22zncRR6KD7CdFzAYp+9Mo2cedxAMo2X9ZNyhZu68jdDITw=="
      },
      "VkNet": {
        "type": "Transitive",
        "resolved": "1.78.0",
        "contentHash": "wL0C21ji12gPKE5k1J0cVJX+FJNCscIsKX8YE67KH7b/mEjdMJHFLGPbPNymIcZWZQLa9WglQaE9q1m1wWlyNw==",
        "dependencies": {
          "HtmlAgilityPack": "1.11.58",
          "Microsoft.Extensions.DependencyInjection": "8.0.0",
          "Microsoft.Extensions.Logging.Abstractions": "8.0.0",
          "Newtonsoft.Json": "13.0.3"
        }
      },
      "VkNet.Extensions.Auth": {
        "type": "Transitive",
        "resolved": "1.1.1",
        "contentHash": "2wZlZ47LyilOnad0ax8ptUgaZpEHLKGuHkLVFOWgApg18zdiOVzFXpVNKFsPKupS1vny8pSmSaFC6O5/SEIwDg==",
        "dependencies": {
          "VkNet.Extensions.DependencyInjection": "1.1.0"
        }
      },
      "VkNet.Extensions.DependencyInjection": {
        "type": "Transitive",
        "resolved": "1.1.0",
        "contentHash": "h0JCHTHCryjfFoI3QI4gI5v8X2Lqz8RbCirmdyb3YIYGLi1PV/ILO/lCPN8Vv6h9Nttiyua4Ys0oPxjD46a4Iw==",
        "dependencies": {
          "Microsoft.Extensions.DependencyInjection": "10.0.1",
          "Microsoft.Extensions.Http": "10.0.1",
          "VkNet": "1.78.0"
        }
      },
      "discordrpc": {
        "type": "Project",
        "dependencies": {
          "Newtonsoft.Json": "[13.0.3, )"
        }
      },
      "ffmediatoolkit": {
        "type": "Project",
        "dependencies": {
          "FFmpeg.AutoGen": "[7.0.0, )"
        }
      },
      "if.lastfm.core": {
        "type": "Project",
        "dependencies": {
          "Newtonsoft.Json": "[13.0.3, )"
        }
      },
      "musicx.core": {
        "type": "Project",
        "dependencies": {
          "DiscordRPC": "[1.0.0, )",
          "Microsoft.AspNetCore.SignalR.Client": "[10.0.0, )",
          "MusicX.Shared": "[1.0.0, )",
          "NLog": "[6.0.6, )",
          "NLog.Schema": "[6.0.6, )",
          "System.Linq.Async": "[7.0.0, )",
          "VkNet.Extensions.Auth": "[1.1.1, )"
        }
      },
      "musicx.shared": {
        "type": "Project",
        "dependencies": {
          "SignalR.Protobuf": "[1.0.0, )"
        }
      },
      "signalr.protobuf": {
        "type": "Project",
        "dependencies": {
          "Microsoft.AspNetCore.SignalR.Common": "[10.0.0, )",
          "protobuf-net": "[3.2.56, )"
        }
      }
    },
    "net10.0-windows10.0.22621/win-x64": {
      "Microsoft.VCRTForwarders.140": {
        "type": "Direct",
        "requested": "[1.1.0, )",
        "resolved": "1.1.0",
        "contentHash": "RqSGSk7kXXEBa4Bu/I7XFmF7Op6DdSmn46gqlywwmvLG/2JDnCsxrAryQfnIilkyt42R4RkOzXdgIzAs2p6XdA=="
      },
      "Microsoft.Web.WebView2": {
        "type": "Direct",
        "requested": "[1.0.3595.46, )",
        "resolved": "1.0.3595.46",
        "contentHash": "j+yzqAKwC8Zn+3FL5XJxm6N0Rh5iDqTANBfFaYvnjyRpbpqt3qkpFcqMWLjqEBGiWEClh3zLCkJINwRUcr1KxQ=="
      },
      "FFmpegInteropX.Desktop.FFmpeg": {
        "type": "Transitive",
        "resolved": "7.0.100-pre3",
        "contentHash": "WDtjAYMMlbG9pU+WTtmfPeDMy24vCngAauzH/C9TnBHCS+EAS1Ziz7D5OrCxSSvgUVdd1QaDzQI+z4z4qYVzdQ==",
        "dependencies": {
          "Microsoft.Windows.CsWinRT": "2.0.0"
        }
      },
      "FFmpegInteropX.Desktop.Lib": {
        "type": "Transitive",
        "resolved": "2.0.0-pre7",
        "contentHash": "eD38J/oGPX4xIcPCHSq4p4TgGSxbRb319V10KG+xYbmfsQ/7kuo2Y5zCHy5vaZtAKlnY3J8BcdG6j+wIzzRnGQ==",
        "dependencies": {
          "Microsoft.Windows.CsWinRT": "2.0.0"
        }
      }
    }
  }
}