{
  "version": 1,
  "dependencies": {
    "net6.0-windows10.0.22000": {
      "AsyncAwaitBestPractices.MVVM": {
        "type": "Direct",
        "requested": "[6.0.5, )",
        "resolved": "6.0.5",
        "contentHash": "WU8pyRhpg4QtuLEPd4MhgdBMr+jjQkzvH7ROeXCaS0Xkoxavh0BdDR85ev8+oekblTqH586jXYTfrwMoCGE5Jg==",
        "dependencies": {
          "AsyncAwaitBestPractices": "6.0.5"
        }
      },
      "Clowd.Squirrel": {
        "type": "Direct",
        "requested": "[3.0.210-g5f9f594, )",
        "resolved": "3.0.210-g5f9f594",
        "contentHash": "F5rxSqpweN/tSMguLTRNLbc1TuAjSYDCzji6TZpQc2dxzrC+Rwv6cDKFUNThULjs8AFBvVdZxZycyrJZvW9e8Q==",
        "dependencies": {
          "NuGet.Versioning": "6.3.0",
          "SharpCompress": "0.32.2"
        }
      },
      "FFmpegInteropX": {
        "type": "Direct",
        "requested": "[1.1.0-pre42, )",
        "resolved": "1.1.0-pre42",
        "contentHash": "7hyKEYCENbI0Fm3B+X95eqLP3VHA95BPkmJnWJzH62v5YqhsQZG3ra4/hO1ijYcf/s+k8pAAXzLPaV1QrXP+yw==",
        "dependencies": {
          "FFmpegInteropX.FFmpegUWP": "5.1.100",
          "Microsoft.Graphics.Win2D": "1.0.4"
        }
      },
      "HandyControl": {
        "type": "Direct",
        "requested": "[3.3.0, )",
        "resolved": "3.3.0",
        "contentHash": "LY38yByPYXOP2kfQkneedgSE+Ps6XWsXId9hBoEgvef4/mdToqWNSueA6kg1u/nKCV1E8zdpI+ZvevDnlyF10Q=="
      },
      "Microsoft.AppCenter.Analytics": {
        "type": "Direct",
        "requested": "[4.5.1, )",
        "resolved": "4.5.1",
        "contentHash": "N/qq1N99q8vFjvWDrh/9lJXIE5Hwo7GW5I5LMKephHvxJMNDxWReSFDpUxXLI8OPLO9dDrPhVQBHhPxA0dtafg==",
        "dependencies": {
          "Microsoft.AppCenter": "4.5.1"
        }
      },
      "Microsoft.AppCenter.Crashes": {
        "type": "Direct",
        "requested": "[4.5.1, )",
        "resolved": "4.5.1",
        "contentHash": "OoxCR5gBrOYms1g9S0eHRnPIDfUftew9wAPZ/UHCI6o61rVZ9eVmCQZlhImZ42e/zsWlE97K4jUYXjnJ80uuig==",
        "dependencies": {
          "Microsoft.AppCenter": "4.5.1"
        }
      },
      "Microsoft.VCRTForwarders.140": {
        "type": "Direct",
        "requested": "[1.0.8-pre, )",
        "resolved": "1.0.8-pre",
        "contentHash": "KhAP4zat4NFaJ2MedW4pM0PpV8dERXdA8VHo0HkNp1NGTVvbn55ixDMsPrqJA5mNS5bnakIq9kOfI/e/jWnqLA=="
      },
      "Microsoft.WindowsAppSDK": {
        "type": "Direct",
        "requested": "[1.3.230502000, )",
        "resolved": "1.3.230502000",
        "contentHash": "0blh8HpYYzhAImeCn6WrSPzx7PEm2O9KWIOz94b5qvgQssZ5TvINpxuIv9iDEf8Jdv9lnkvfpxQgduep378+KQ==",
        "dependencies": {
          "Microsoft.Windows.SDK.BuildTools": "10.0.22621.1"
        }
      },
      "Ookii.Dialogs.Wpf": {
        "type": "Direct",
        "requested": "[5.0.1, )",
        "resolved": "5.0.1",
        "contentHash": "iZNnZwqTpK0cfR0vkotncP1c025/PHlIdzc7iEKBYwhVv1V0zXp9/RT/O0kMhsmlwXqRxxbE4pdhfinbJXtjPg=="
      },
      "PropertyChanged.Fody": {
        "type": "Direct",
        "requested": "[4.0.0, )",
        "resolved": "4.0.0",
        "contentHash": "qIT5ky2pqAAaUl98OGRLJ3r36w38CqI+3AB3zPLYbZwE1Ilh6VuvbImplQLSGS5Ue5kF6+gaFuT0eMeTQDuaeQ==",
        "dependencies": {
          "Fody": "6.3.0"
        }
      },
      "System.Linq.Async": {
        "type": "Direct",
        "requested": "[6.0.1, )",
        "resolved": "6.0.1",
        "contentHash": "0YhHcaroWpQ9UCot3Pizah7ryAzQhNvobLMSxeDIGmnXfkQn8u5owvpOH0K6EVB+z9L7u6Cc4W17Br/+jyttEQ==",
        "dependencies": {
          "Microsoft.Bcl.AsyncInterfaces": "6.0.0"
        }
      },
      "System.Text.Encoding.CodePages": {
        "type": "Direct",
        "requested": "[6.0.0, )",
        "resolved": "6.0.0",
        "contentHash": "ZFCILZuOvtKPauZ/j/swhvw68ZRi9ATCfvGbk1QfydmcXBkIWecWKn/250UH7rahZ5OoDBaiAudJtPvLwzw85A==",
        "dependencies": {
          "System.Runtime.CompilerServices.Unsafe": "6.0.0"
        }
      },
      "System.Text.Json": {
        "type": "Direct",
        "requested": "[8.0.0-preview.5.23280.8, )",
        "resolved": "8.0.0-preview.5.23280.8",
        "contentHash": "pIbWMzNEuUrO0DAe2T17rloNfrYsHg8MHhmxLOlyPHZgrAXEr3smeZvHaxNGkrJHYPoO7hgmWI9tuTI/kiJT8Q==",
        "dependencies": {
          "System.Runtime.CompilerServices.Unsafe": "6.0.0",
          "System.Text.Encodings.Web": "8.0.0-preview.5.23280.8"
        }
      },
      "taglib-sharp-netstandard2.0": {
        "type": "Direct",
        "requested": "[2.1.0, )",
        "resolved": "2.1.0",
        "contentHash": "w45LreEPpV/vOfgpYBI1cNqiLvj8yQ8f7kJaMYtzTAsg26ZdHWnh5vPuy2/F9tCKhmgNB0s+zOBwdcEb4qk3Tg=="
      },
      "WPF-UI": {
        "type": "Direct",
        "requested": "[3.0.0-preview.3, )",
        "resolved": "3.0.0-preview.3",
        "contentHash": "+mkOiCoooMyU+owoGAQPP33A1sD6wg9dAilaw2tULmP1ZD/XkIQ1t11l0xEHUyoM1MckoL6+2P4MiSB6VZmuYg==",
        "dependencies": {
          "System.Drawing.Common": "7.0.0"
        }
      },
      "WpfScreenHelper": {
        "type": "Direct",
        "requested": "[2.0.0, )",
        "resolved": "2.0.0",
        "contentHash": "ze4HfQZNcZdTZQHDJ2buz8jkJfTwy6teEnr2c+rSq6ccquh5GlweyT9zdP9dNi9OiYsUPB6t/oK/O17nMLAjgQ=="
      },
      "Xabe.FFmpeg": {
        "type": "Direct",
        "requested": "[5.2.6, )",
        "resolved": "5.2.6",
        "contentHash": "AFT06eHAZ4OV3s6H2dZWeRQ6kkdWkY1dGq76iFprlOG6quB7V7Nm8wWhEF63As1txsh/8kwAbybtffrgqfQ0dg==",
        "dependencies": {
          "Newtonsoft.Json": "9.0.1"
        }
      },
      "Xabe.FFmpeg.Downloader": {
        "type": "Direct",
        "requested": "[5.2.0, )",
        "resolved": "5.2.0",
        "contentHash": "glwfRQjN2h8tna5zfQVN2SYBx0rNUTmuTtvcY/NHZuIi+MK5atdXAwAQ8HvrqdN4DIqPNTf/b8wmXaz8/0Ctsg==",
        "dependencies": {
          "Xabe.FFmpeg": "5.2.0"
        }
      },
      "AsyncAwaitBestPractices": {
        "type": "Transitive",
        "resolved": "6.0.5",
        "contentHash": "EsP7PgSEUU9ljDgNVeqxWIlN1tWzCL4kovT9moVDUy7cL6ILLskJfbA61AD/+qonjHhSBH63MRArhlQj5JhbFQ=="
      },
      "DesktopBridge.Helpers": {
        "type": "Transitive",
        "resolved": "1.2.2",
        "contentHash": "2GHlYoAwhIXn7kfSNLmrg272XWoaM8XDYjJAc4fZNaKSRq0+G2nB/BNExZkB7ftir6YauV+cxQBMQL70GnEWiQ=="
      },
      "FFmpegInteropX.FFmpegUWP": {
        "type": "Transitive",
        "resolved": "5.1.100",
        "contentHash": "Pi+ifqTU3VpkvfTkZIR62+fck22HaA54WJeLyumI/EWgXM+1euSihsTX20oi3aQKQAz8Qh9weNLhntD4g3pmvA=="
      },
      "Fody": {
        "type": "Transitive",
        "resolved": "6.3.0",
        "contentHash": "kBGlW/vBUvBSyCvFI3YICNl77gjUr0KMROlBTeBPN/+J3JMU57w1dpXPwjmU4ahdBTYLomzgxKLaJ3jVNuXuQg=="
      },
      "HtmlAgilityPack": {
        "type": "Transitive",
        "resolved": "1.11.43",
        "contentHash": "C2gpt+S2tdFlQMOC3DK7rHZ8iv6EpDuIo4v0UTUSGX1F1bZ+NAQ3gp77HK8/JfCDszUm3Y2rHoyTp/TpO4KOIA=="
      },
      "Microsoft.AppCenter": {
        "type": "Transitive",
        "resolved": "4.5.1",
        "contentHash": "ISpYsz9log3yba/7vdgI3s9UdHjxlW22j2lBlHLPpjjYYzU44eG5VLblIXqhOdSvAM5KT0fYdEOpE7LnX3t22g==",
        "dependencies": {
          "DesktopBridge.Helpers": "1.2.2",
          "Newtonsoft.Json": "13.0.1",
          "SQLitePCLRaw.bundle_green": "2.0.2",
          "System.Configuration.ConfigurationManager": "5.0.0",
          "System.Management": "5.0.0"
        }
      },
      "Microsoft.AspNetCore.Connections.Abstractions": {
        "type": "Transitive",
        "resolved": "6.0.10",
        "contentHash": "OLep4qKG7cFrS9rkS9uZlPNFeELcfv3IeRLY9fxXfPOZG5cUVcKGuc4MI1NPwBeCtny+wuST5AZRzcZ6OsTX0w==",
        "dependencies": {
          "Microsoft.Extensions.Features": "6.0.10",
          "System.IO.Pipelines": "6.0.3"
        }
      },
      "Microsoft.AspNetCore.Http.Connections.Client": {
        "type": "Transitive",
        "resolved": "6.0.10",
        "contentHash": "pJgTOxuQOb6U5fQ5UxXWzU0wvxfFo9FKokTX71c5MTea8GBUhBulsG82hD23iaXr7x+CKSGiln073IwWpL9wyA==",
        "dependencies": {
          "Microsoft.AspNetCore.Http.Connections.Common": "6.0.10",
          "Microsoft.Extensions.Logging.Abstractions": "6.0.2",
          "Microsoft.Extensions.Options": "6.0.0"
        }
      },
      "Microsoft.AspNetCore.Http.Connections.Common": {
        "type": "Transitive",
        "resolved": "6.0.10",
        "contentHash": "scYFKI33ki8QtOCo6jMC60+dEsstJcTl8rjGbk5zh8AfvLDsOy0YyILFla9CMMVGc//LOTkEfm5AOicVwIFUzw==",
        "dependencies": {
          "Microsoft.AspNetCore.Connections.Abstractions": "6.0.10"
        }
      },
      "Microsoft.AspNetCore.SignalR.Client": {
        "type": "Transitive",
        "resolved": "6.0.10",
        "contentHash": "tmY3RRWZPLE3jZ/wdPblHsqRi02ALCa/Ksz9tA4ZPnoJICTZQbccUOzDwHH8u5HpejurQw5r4eHQCQ6ssbJ83w==",
        "dependencies": {
          "Microsoft.AspNetCore.Http.Connections.Client": "6.0.10",
          "Microsoft.AspNetCore.SignalR.Client.Core": "6.0.10"
        }
      },
      "Microsoft.AspNetCore.SignalR.Client.Core": {
        "type": "Transitive",
        "resolved": "6.0.10",
        "contentHash": "II+Gw8+50I3VVGkjNvSNNxk0hnZnt5Slf4ZkR89Qj1kbrzktsPMqjHdF6S6DkJEvrpCSIFWktmdXGT4oIwlAKA==",
        "dependencies": {
          "Microsoft.AspNetCore.SignalR.Common": "6.0.10",
          "Microsoft.AspNetCore.SignalR.Protocols.Json": "6.0.10",
          "Microsoft.Extensions.DependencyInjection": "6.0.1",
          "Microsoft.Extensions.Logging": "6.0.0",
          "System.Threading.Channels": "6.0.0"
        }
      },
      "Microsoft.AspNetCore.SignalR.Common": {
        "type": "Transitive",
        "resolved": "6.0.10",
        "contentHash": "G0tumlODCHSKJ8lXBUBU6BNQLagPa0qBgSo7fc0RoS5bxZxE8vjrUwLLRCSmfuI+4tFkrxnGg6TMdYITN7NpWw==",
        "dependencies": {
          "Microsoft.AspNetCore.Connections.Abstractions": "6.0.10",
          "Microsoft.Extensions.Options": "6.0.0"
        }
      },
      "Microsoft.AspNetCore.SignalR.Protocols.Json": {
        "type": "Transitive",
        "resolved": "6.0.10",
        "contentHash": "R0JiDQ0CHZ9KPVlYrQdFKE3cknY6dVPB+L8qKueI1eUeF0zjvaxYJ6DccV1Z59GB5Ek3O0Rj0lqS5WFF1G1yYA==",
        "dependencies": {
          "Microsoft.AspNetCore.SignalR.Common": "6.0.10"
        }
      },
      "Microsoft.Bcl.AsyncInterfaces": {
        "type": "Transitive",
        "resolved": "6.0.0",
        "contentHash": "UcSjPsst+DfAdJGVDsu346FX0ci0ah+lw3WRtn18NUwEqRt70HaOQ7lI72vy3+1LxtqI3T5GWwV39rQSrCzAeg=="
      },
      "Microsoft.Extensions.DependencyInjection": {
        "type": "Transitive",
        "resolved": "6.0.1",
        "contentHash": "vWXPg3HJQIpZkENn1KWq8SfbqVujVD7S7vIAyFXXqK5xkf1Vho+vG0bLBCHxU36lD1cLLtmGpfYf0B3MYFi9tQ==",
        "dependencies": {
          "Microsoft.Extensions.DependencyInjection.Abstractions": "6.0.0",
          "System.Runtime.CompilerServices.Unsafe": "6.0.0"
        }
      },
      "Microsoft.Extensions.DependencyInjection.Abstractions": {
        "type": "Transitive",
        "resolved": "6.0.0",
        "contentHash": "xlzi2IYREJH3/m6+lUrQlujzX8wDitm4QGnUu6kUXTQAWPuZY8i+ticFJbzfqaetLA6KR/rO6Ew/HuYD+bxifg=="
      },
      "Microsoft.Extensions.Features": {
        "type": "Transitive",
        "resolved": "6.0.10",
        "contentHash": "CMXf1lG9iip0TkpP/ooT+G5uWE9/jFs8uBC2+Qw3EkTc2I7vuh2e+pGVuPAu3I5jig9/WjR7niHDPKtjsOiA9A=="
      },
      "Microsoft.Extensions.Logging": {
        "type": "Transitive",
        "resolved": "6.0.0",
        "contentHash": "eIbyj40QDg1NDz0HBW0S5f3wrLVnKWnDJ/JtZ+yJDFnDj90VoPuoPmFkeaXrtu+0cKm5GRAwoDf+dBWXK0TUdg==",
        "dependencies": {
          "Microsoft.Extensions.DependencyInjection": "6.0.0",
          "Microsoft.Extensions.DependencyInjection.Abstractions": "6.0.0",
          "Microsoft.Extensions.Logging.Abstractions": "6.0.0",
          "Microsoft.Extensions.Options": "6.0.0",
          "System.Diagnostics.DiagnosticSource": "6.0.0"
        }
      },
      "Microsoft.Extensions.Logging.Abstractions": {
        "type": "Transitive",
        "resolved": "6.0.2",
        "contentHash": "pwXCZKaA7m5wgmCj49dW+H1RPSY7U62SKLTQYCcavf/k3Nyt/WnBgAjG4jMGnwy9rElfAZ2KvxvM5CJzJWG0hg=="
      },
      "Microsoft.Extensions.Options": {
        "type": "Transitive",
        "resolved": "6.0.0",
        "contentHash": "dzXN0+V1AyjOe2xcJ86Qbo233KHuLEY0njf/P2Kw8SfJU+d45HNS2ctJdnEnrWbM9Ye2eFgaC5Mj9otRMU6IsQ==",
        "dependencies": {
          "Microsoft.Extensions.DependencyInjection.Abstractions": "6.0.0",
          "Microsoft.Extensions.Primitives": "6.0.0"
        }
      },
      "Microsoft.Extensions.Primitives": {
        "type": "Transitive",
        "resolved": "6.0.0",
        "contentHash": "9+PnzmQFfEFNR9J2aDTfJGGupShHjOuGw4VUv+JB044biSHrnmCIMD+mJHmb2H7YryrfBEXDurxQ47gJZdCKNQ==",
        "dependencies": {
          "System.Runtime.CompilerServices.Unsafe": "6.0.0"
        }
      },
      "Microsoft.Graphics.Win2D": {
        "type": "Transitive",
        "resolved": "1.0.4",
        "contentHash": "PmUO0B+gLdbxy1XCmX6pS57SL08roPKZC3sXKSRH4Qa1nX5RKwIdmmIxSvmV9irN57ABSMtDtWa+qNYnyzB/nw==",
        "dependencies": {
          "Microsoft.WindowsAppSDK": "1.0.4"
        }
      },
      "Microsoft.NETCore.Platforms": {
        "type": "Transitive",
        "resolved": "5.0.0",
        "contentHash": "VyPlqzH2wavqquTcYpkIIAQ6WdenuKoFN0BdYBbCWsclXacSOHNQn66Gt4z5NBqEYW0FAPm5rlvki9ZiCij5xQ=="
      },
      "Microsoft.Win32.Registry": {
        "type": "Transitive",
        "resolved": "5.0.0",
        "contentHash": "dDoKi0PnDz31yAyETfRntsLArTlVAVzUzCIvvEDsDsucrl33Dl8pIJG06ePTJTI3tGpeyHS9Cq7Foc/s4EeKcg==",
        "dependencies": {
          "System.Security.AccessControl": "5.0.0",
          "System.Security.Principal.Windows": "5.0.0"
        }
      },
      "Microsoft.Win32.SystemEvents": {
        "type": "Transitive",
        "resolved": "7.0.0",
        "contentHash": "2nXPrhdAyAzir0gLl8Yy8S5Mnm/uBSQQA7jEsILOS1MTyS7DbmV1NgViMtvV1sfCD1ebITpNwb1NIinKeJgUVQ=="
      },
      "Microsoft.Windows.SDK.BuildTools": {
        "type": "Transitive",
        "resolved": "10.0.22621.1",
        "contentHash": "Sp1DkYvg7yxuhamwxv+qFC66KC3paKQpwK8Q1J6XuAh6nzXIInmsDcpJ3szr0XGud4ysXojqwTfGdW01gvZ/0g=="
      },
      "Newtonsoft.Json": {
        "type": "Transitive",
        "resolved": "13.0.1",
        "contentHash": "ppPFpBcvxdsfUonNcvITKqLl3bqxWbDCZIzDWHzjpdAHRFfZe0Dw9HmA0+za13IdyrgJwpkDTDA9fHaxOrt20A=="
      },
      "NLog": {
        "type": "Transitive",
        "resolved": "4.7.14",
        "contentHash": "R1Nn+Zi2mSiKf82zII+8ZhGTr66CmCDLlpDq/0N0Y22TDrioYeP6t3XWzJVTi3OXaHJ/jiXId/okXQu8e0g3uw=="
      },
      "NLog.Schema": {
        "type": "Transitive",
        "resolved": "5.0.0-rc2",
        "contentHash": "jfOhjdlu+OMKvs2IyUSxMTn2IKXIdNklwGVtALlGM7edHYbhx0pXMk7CRIFFR4VMqVlkVVhAAUct0+a0S+54rg=="
      },
      "NuGet.Versioning": {
        "type": "Transitive",
        "resolved": "6.3.0",
        "contentHash": "9cQMmhbwR92SSep1y4MMapjrJdcnzcnSWHec3yrB9EMyIjOhiXkwYX9lZ8fkYUxBskwXw8mAEwvY8b7yGRFbAg=="
      },
      "protobuf-net": {
        "type": "Transitive",
        "resolved": "3.1.22",
        "contentHash": "wf0E7Y4az3U/9lrmOo95efX4/SmiBYVhgevvVtOQs2y7LFxdhRIoRQVfz3URqS6XuQeyDx8noE65rqC+mpnE1w==",
        "dependencies": {
          "protobuf-net.Core": "3.1.22"
        }
      },
      "protobuf-net.Core": {
        "type": "Transitive",
        "resolved": "3.1.22",
        "contentHash": "82iIFBuQW2K8kixHQ1Eo6qWfnztNYRGU6OGqGmq7c0r8T9X9y9j79SHQSeI/hK3gK6EvHbYMfeGhpRJzA/zv1Q=="
      },
      "SharpCompress": {
        "type": "Transitive",
        "resolved": "0.32.2",
        "contentHash": "MSt6TKAg2c0uFFDtf7oACB4DfvXKq5Cvot2e0wjy5nAiVujpIRQ8laiIqCU/VMRGyytasGzg+nODKTkkDjbr/g=="
      },
      "SQLitePCLRaw.bundle_green": {
        "type": "Transitive",
        "resolved": "2.0.2",
        "contentHash": "W8cUJhwC5b0Rp34ZI2q243totrvILMz2MQyvg1toYXaDmiyvx3gFXVc2X4yiPPha0YexicuksVLpWAekvNC1VQ==",
        "dependencies": {
          "SQLitePCLRaw.core": "2.0.2",
          "SQLitePCLRaw.lib.e_sqlite3": "2.0.2",
          "SQLitePCLRaw.provider.dynamic_cdecl": "2.0.2"
        }
      },
      "SQLitePCLRaw.core": {
        "type": "Transitive",
        "resolved": "2.0.2",
        "contentHash": "TFSBX426OelS1tkaVC254NVVlrJIe9YLhWPkEvuqJj2104QpmDmEYOhfdfDJD1E/2SmqDhoRw1ek5cQHj8olcQ==",
        "dependencies": {
          "System.Memory": "4.5.3"
        }
      },
      "SQLitePCLRaw.lib.e_sqlite3": {
        "type": "Transitive",
        "resolved": "2.0.2",
        "contentHash": "S+Tsqe/M7wsc+9HeediI6UHtBKf2X586aRwhi1aBVLGe0WxkAo52O9ZxwEy/v8XMLefcrEMupd2e9CDlIT6QCw=="
      },
      "SQLitePCLRaw.provider.dynamic_cdecl": {
        "type": "Transitive",
        "resolved": "2.0.2",
        "contentHash": "ZSwacbKJUsxJEZxwT23uZVrGbaIvXcADZDz5Sr66fikO5eehdcceDncjzwzTzWfW13di8gpTpstx3WJSt/Ci5Q==",
        "dependencies": {
          "SQLitePCLRaw.core": "2.0.2"
        }
      },
      "System.CodeDom": {
        "type": "Transitive",
        "resolved": "5.0.0",
        "contentHash": "JPJArwA1kdj8qDAkY2XGjSWoYnqiM7q/3yRNkt6n28Mnn95MuEGkZXUbPBf7qc3IjwrGY5ttQon7yqHZyQJmOQ=="
      },
      "System.Configuration.ConfigurationManager": {
        "type": "Transitive",
        "resolved": "5.0.0",
        "contentHash": "aM7cbfEfVNlEEOj3DsZP+2g9NRwbkyiAv2isQEzw7pnkDg9ekCU2m1cdJLM02Uq691OaCS91tooaxcEn8d0q5w==",
        "dependencies": {
          "System.Security.Cryptography.ProtectedData": "5.0.0",
          "System.Security.Permissions": "5.0.0"
        }
      },
      "System.Diagnostics.DiagnosticSource": {
        "type": "Transitive",
        "resolved": "6.0.0",
        "contentHash": "frQDfv0rl209cKm1lnwTgFPzNigy2EKk1BS3uAvHvlBVKe5cymGyHO+Sj+NLv5VF/AhHsqPIUUwya5oV4CHMUw==",
        "dependencies": {
          "System.Runtime.CompilerServices.Unsafe": "6.0.0"
        }
      },
      "System.Drawing.Common": {
        "type": "Transitive",
        "resolved": "7.0.0",
        "contentHash": "KIX+oBU38pxkKPxvLcLfIkOV5Ien8ReN78wro7OF5/erwcmortzeFx+iBswlh2Vz6gVne0khocQudGwaO1Ey6A==",
        "dependencies": {
          "Microsoft.Win32.SystemEvents": "7.0.0"
        }
      },
      "System.IO.Pipelines": {
        "type": "Transitive",
        "resolved": "6.0.3",
        "contentHash": "ryTgF+iFkpGZY1vRQhfCzX0xTdlV3pyaTTqRu2ETbEv+HlV7O6y7hyQURnghNIXvctl5DuZ//Dpks6HdL/Txgw=="
      },
      "System.Management": {
        "type": "Transitive",
        "resolved": "5.0.0",
        "contentHash": "MF1CHaRcC+MLFdnDthv4/bKWBZnlnSpkGqa87pKukQefgEdwtb9zFW6zs0GjPp73qtpYYg4q6PEKbzJbxCpKfw==",
        "dependencies": {
          "Microsoft.NETCore.Platforms": "5.0.0",
          "Microsoft.Win32.Registry": "5.0.0",
          "System.CodeDom": "5.0.0"
        }
      },
      "System.Memory": {
        "type": "Transitive",
        "resolved": "4.5.3",
        "contentHash": "3oDzvc/zzetpTKWMShs1AADwZjQ/36HnsufHRPcOjyRAAMLDlu2iD33MBI2opxnezcVUtXyqDXXjoFMOU9c7SA=="
      },
      "System.Runtime.CompilerServices.Unsafe": {
        "type": "Transitive",
        "resolved": "6.0.0",
        "contentHash": "/iUeP3tq1S0XdNNoMz5C9twLSrM/TH+qElHkXWaPvuNOt+99G75NrV0OS2EqHx5wMN7popYjpc8oTjC1y16DLg=="
      },
      "System.Security.AccessControl": {
        "type": "Transitive",
        "resolved": "5.0.0",
        "contentHash": "dagJ1mHZO3Ani8GH0PHpPEe/oYO+rVdbQjvjJkBRNQkX4t0r1iaeGn8+/ybkSLEan3/slM0t59SVdHzuHf2jmw==",
        "dependencies": {
          "Microsoft.NETCore.Platforms": "5.0.0",
          "System.Security.Principal.Windows": "5.0.0"
        }
      },
      "System.Security.Cryptography.ProtectedData": {
        "type": "Transitive",
        "resolved": "5.0.0",
        "contentHash": "HGxMSAFAPLNoxBvSfW08vHde0F9uh7BjASwu6JF9JnXuEPhCY3YUqURn0+bQV/4UWeaqymmrHWV+Aw9riQCtCA=="
      },
      "System.Security.Permissions": {
        "type": "Transitive",
        "resolved": "5.0.0",
        "contentHash": "uE8juAhEkp7KDBCdjDIE3H9R1HJuEHqeqX8nLX9gmYKWwsqk3T5qZlPx8qle5DPKimC/Fy3AFTdV7HamgCh9qQ==",
        "dependencies": {
          "System.Security.AccessControl": "5.0.0",
          "System.Windows.Extensions": "5.0.0"
        }
      },
      "System.Security.Principal.Windows": {
        "type": "Transitive",
        "resolved": "5.0.0",
        "contentHash": "t0MGLukB5WAVU9bO3MGzvlGnyJPgUlcwerXn1kzBRjwLKixT96XV0Uza41W49gVd8zEMFu9vQEFlv0IOrytICA=="
      },
      "System.Text.Encodings.Web": {
        "type": "Transitive",
        "resolved": "8.0.0-preview.5.23280.8",
        "contentHash": "g4I3rXyyQj4AmsooE1z1nCYjXY712foWowYdCep13QajdgNiVOXSBTij2CbqR6+gryMj/x/cInk2TGcBS79ubw==",
        "dependencies": {
          "System.Runtime.CompilerServices.Unsafe": "6.0.0"
        }
      },
      "System.Threading.Channels": {
        "type": "Transitive",
        "resolved": "6.0.0",
        "contentHash": "TY8/9+tI0mNaUMgntOxxaq2ndTkdXqLSxvPmas7XEqOlv9lQtB7wLjYGd756lOaO7Dvb5r/WXhluM+0Xe87v5Q=="
      },
      "System.Windows.Extensions": {
        "type": "Transitive",
        "resolved": "5.0.0",
        "contentHash": "c1ho9WU9ZxMZawML+ssPKZfdnrg/OjR3pe0m9v8230z3acqphwvPJqzAkH54xRYm5ntZHGG1EPP3sux9H3qSPg==",
        "dependencies": {
          "System.Drawing.Common": "5.0.0"
        }
      },
      "VkNet": {
        "type": "Transitive",
        "resolved": "1.70.0",
        "contentHash": "f/RQMRakhI9XVz9RNXUWT12nwvm3tgcrxbMEfJZz0c5XB6NW8dG9agTepwQ7lvD7GIKR6c3mVIqK8YO8hFrAVA==",
        "dependencies": {
          "HtmlAgilityPack": "1.11.43",
          "Microsoft.Extensions.DependencyInjection": "6.0.0",
          "Microsoft.Extensions.Logging.Abstractions": "6.0.1",
          "Newtonsoft.Json": "13.0.1",
          "System.Text.Encoding.CodePages": "6.0.0"
        }
      },
      "discordrpc": {
        "type": "Project",
        "dependencies": {
          "Microsoft.Win32.Registry": "[4.5.0, )",
          "Newtonsoft.Json": "[12.0.2, )"
        }
      },
      "musicx.core": {
        "type": "Project",
        "dependencies": {
          "Clowd.Squirrel": "[3.0.210-g5f9f594, )",
          "DiscordRPC": "[1.0.0, )",
          "Microsoft.AspNetCore.SignalR.Client": "[6.0.10, )",
          "MusicX.Shared": "[1.0.0, )",
          "NLog": "[4.7.14, )",
          "NLog.Schema": "[5.0.0-rc2, )",
          "System.Linq.Async": "[6.0.1, )",
          "VkNet": "[1.70.0, )",
          "VkNet.AudioBypassService": "[1.7.2, )",
          "VkNet.Extensions.DependencyInjection": "[1.0.0, )"
        }
      },
      "musicx.shared": {
        "type": "Project",
        "dependencies": {
          "SignalR.Protobuf": "[1.0.0, )",
          "System.Text.Json": "[7.0.0-rc.2.22472.3, )"
        }
      },
      "signalr.protobuf": {
        "type": "Project",
        "dependencies": {
          "Microsoft.AspNetCore.SignalR.Common": "[6.0.10, )",
          "protobuf-net": "[3.1.22, )"
        }
      },
      "vknet.audiobypassservice": {
        "type": "Project",
        "dependencies": {
          "VkNet": "[1.68.0, )",
          "protobuf-net": "[3.0.101, )"
        }
      },
      "vknet.extensions.dependencyinjection": {
        "type": "Project",
        "dependencies": {
          "VkNet": "[1.70.0, )"
        }
      }
    },
    "net6.0-windows10.0.22000/win10-arm64": {
      "FFmpegInteropX": {
        "type": "Direct",
        "requested": "[1.1.0-pre42, )",
        "resolved": "1.1.0-pre42",
        "contentHash": "7hyKEYCENbI0Fm3B+X95eqLP3VHA95BPkmJnWJzH62v5YqhsQZG3ra4/hO1ijYcf/s+k8pAAXzLPaV1QrXP+yw==",
        "dependencies": {
          "FFmpegInteropX.FFmpegUWP": "5.1.100",
          "Microsoft.Graphics.Win2D": "1.0.4"
        }
      },
      "Microsoft.VCRTForwarders.140": {
        "type": "Direct",
        "requested": "[1.0.8-pre, )",
        "resolved": "1.0.8-pre",
        "contentHash": "KhAP4zat4NFaJ2MedW4pM0PpV8dERXdA8VHo0HkNp1NGTVvbn55ixDMsPrqJA5mNS5bnakIq9kOfI/e/jWnqLA=="
      },
      "Microsoft.WindowsAppSDK": {
        "type": "Direct",
        "requested": "[1.3.230502000, )",
        "resolved": "1.3.230502000",
        "contentHash": "0blh8HpYYzhAImeCn6WrSPzx7PEm2O9KWIOz94b5qvgQssZ5TvINpxuIv9iDEf8Jdv9lnkvfpxQgduep378+KQ==",
        "dependencies": {
          "Microsoft.Windows.SDK.BuildTools": "10.0.22621.1"
        }
      },
      "System.Text.Encoding.CodePages": {
        "type": "Direct",
        "requested": "[6.0.0, )",
        "resolved": "6.0.0",
        "contentHash": "ZFCILZuOvtKPauZ/j/swhvw68ZRi9ATCfvGbk1QfydmcXBkIWecWKn/250UH7rahZ5OoDBaiAudJtPvLwzw85A==",
        "dependencies": {
          "System.Runtime.CompilerServices.Unsafe": "6.0.0"
        }
      },
      "FFmpegInteropX.FFmpegUWP": {
        "type": "Transitive",
        "resolved": "5.1.100",
        "contentHash": "Pi+ifqTU3VpkvfTkZIR62+fck22HaA54WJeLyumI/EWgXM+1euSihsTX20oi3aQKQAz8Qh9weNLhntD4g3pmvA=="
      },
      "Microsoft.Graphics.Win2D": {
        "type": "Transitive",
        "resolved": "1.0.4",
        "contentHash": "PmUO0B+gLdbxy1XCmX6pS57SL08roPKZC3sXKSRH4Qa1nX5RKwIdmmIxSvmV9irN57ABSMtDtWa+qNYnyzB/nw==",
        "dependencies": {
          "Microsoft.WindowsAppSDK": "1.0.4"
        }
      },
      "Microsoft.Win32.Registry": {
        "type": "Transitive",
        "resolved": "5.0.0",
        "contentHash": "dDoKi0PnDz31yAyETfRntsLArTlVAVzUzCIvvEDsDsucrl33Dl8pIJG06ePTJTI3tGpeyHS9Cq7Foc/s4EeKcg==",
        "dependencies": {
          "System.Security.AccessControl": "5.0.0",
          "System.Security.Principal.Windows": "5.0.0"
        }
      },
      "Microsoft.Win32.SystemEvents": {
        "type": "Transitive",
        "resolved": "7.0.0",
        "contentHash": "2nXPrhdAyAzir0gLl8Yy8S5Mnm/uBSQQA7jEsILOS1MTyS7DbmV1NgViMtvV1sfCD1ebITpNwb1NIinKeJgUVQ=="
      },
      "SQLitePCLRaw.lib.e_sqlite3": {
        "type": "Transitive",
        "resolved": "2.0.2",
        "contentHash": "S+Tsqe/M7wsc+9HeediI6UHtBKf2X586aRwhi1aBVLGe0WxkAo52O9ZxwEy/v8XMLefcrEMupd2e9CDlIT6QCw=="
      },
      "System.Drawing.Common": {
        "type": "Transitive",
        "resolved": "7.0.0",
        "contentHash": "KIX+oBU38pxkKPxvLcLfIkOV5Ien8ReN78wro7OF5/erwcmortzeFx+iBswlh2Vz6gVne0khocQudGwaO1Ey6A==",
        "dependencies": {
          "Microsoft.Win32.SystemEvents": "7.0.0"
        }
      },
      "System.Management": {
        "type": "Transitive",
        "resolved": "5.0.0",
        "contentHash": "MF1CHaRcC+MLFdnDthv4/bKWBZnlnSpkGqa87pKukQefgEdwtb9zFW6zs0GjPp73qtpYYg4q6PEKbzJbxCpKfw==",
        "dependencies": {
          "Microsoft.NETCore.Platforms": "5.0.0",
          "Microsoft.Win32.Registry": "5.0.0",
          "System.CodeDom": "5.0.0"
        }
      },
      "System.Security.AccessControl": {
        "type": "Transitive",
        "resolved": "5.0.0",
        "contentHash": "dagJ1mHZO3Ani8GH0PHpPEe/oYO+rVdbQjvjJkBRNQkX4t0r1iaeGn8+/ybkSLEan3/slM0t59SVdHzuHf2jmw==",
        "dependencies": {
          "Microsoft.NETCore.Platforms": "5.0.0",
          "System.Security.Principal.Windows": "5.0.0"
        }
      },
      "System.Security.Cryptography.ProtectedData": {
        "type": "Transitive",
        "resolved": "5.0.0",
        "contentHash": "HGxMSAFAPLNoxBvSfW08vHde0F9uh7BjASwu6JF9JnXuEPhCY3YUqURn0+bQV/4UWeaqymmrHWV+Aw9riQCtCA=="
      },
      "System.Security.Principal.Windows": {
        "type": "Transitive",
        "resolved": "5.0.0",
        "contentHash": "t0MGLukB5WAVU9bO3MGzvlGnyJPgUlcwerXn1kzBRjwLKixT96XV0Uza41W49gVd8zEMFu9vQEFlv0IOrytICA=="
      },
      "System.Text.Encodings.Web": {
        "type": "Transitive",
        "resolved": "8.0.0-preview.5.23280.8",
        "contentHash": "g4I3rXyyQj4AmsooE1z1nCYjXY712foWowYdCep13QajdgNiVOXSBTij2CbqR6+gryMj/x/cInk2TGcBS79ubw==",
        "dependencies": {
          "System.Runtime.CompilerServices.Unsafe": "6.0.0"
        }
      },
      "System.Windows.Extensions": {
        "type": "Transitive",
        "resolved": "5.0.0",
        "contentHash": "c1ho9WU9ZxMZawML+ssPKZfdnrg/OjR3pe0m9v8230z3acqphwvPJqzAkH54xRYm5ntZHGG1EPP3sux9H3qSPg==",
        "dependencies": {
          "System.Drawing.Common": "5.0.0"
        }
      }
    },
    "net6.0-windows10.0.22000/win10-x64": {
      "FFmpegInteropX": {
        "type": "Direct",
        "requested": "[1.1.0-pre42, )",
        "resolved": "1.1.0-pre42",
        "contentHash": "7hyKEYCENbI0Fm3B+X95eqLP3VHA95BPkmJnWJzH62v5YqhsQZG3ra4/hO1ijYcf/s+k8pAAXzLPaV1QrXP+yw==",
        "dependencies": {
          "FFmpegInteropX.FFmpegUWP": "5.1.100",
          "Microsoft.Graphics.Win2D": "1.0.4"
        }
      },
      "Microsoft.VCRTForwarders.140": {
        "type": "Direct",
        "requested": "[1.0.8-pre, )",
        "resolved": "1.0.8-pre",
        "contentHash": "KhAP4zat4NFaJ2MedW4pM0PpV8dERXdA8VHo0HkNp1NGTVvbn55ixDMsPrqJA5mNS5bnakIq9kOfI/e/jWnqLA=="
      },
      "Microsoft.WindowsAppSDK": {
        "type": "Direct",
        "requested": "[1.3.230502000, )",
        "resolved": "1.3.230502000",
        "contentHash": "0blh8HpYYzhAImeCn6WrSPzx7PEm2O9KWIOz94b5qvgQssZ5TvINpxuIv9iDEf8Jdv9lnkvfpxQgduep378+KQ==",
        "dependencies": {
          "Microsoft.Windows.SDK.BuildTools": "10.0.22621.1"
        }
      },
      "System.Text.Encoding.CodePages": {
        "type": "Direct",
        "requested": "[6.0.0, )",
        "resolved": "6.0.0",
        "contentHash": "ZFCILZuOvtKPauZ/j/swhvw68ZRi9ATCfvGbk1QfydmcXBkIWecWKn/250UH7rahZ5OoDBaiAudJtPvLwzw85A==",
        "dependencies": {
          "System.Runtime.CompilerServices.Unsafe": "6.0.0"
        }
      },
      "FFmpegInteropX.FFmpegUWP": {
        "type": "Transitive",
        "resolved": "5.1.100",
        "contentHash": "Pi+ifqTU3VpkvfTkZIR62+fck22HaA54WJeLyumI/EWgXM+1euSihsTX20oi3aQKQAz8Qh9weNLhntD4g3pmvA=="
      },
      "Microsoft.Graphics.Win2D": {
        "type": "Transitive",
        "resolved": "1.0.4",
        "contentHash": "PmUO0B+gLdbxy1XCmX6pS57SL08roPKZC3sXKSRH4Qa1nX5RKwIdmmIxSvmV9irN57ABSMtDtWa+qNYnyzB/nw==",
        "dependencies": {
          "Microsoft.WindowsAppSDK": "1.0.4"
        }
      },
      "Microsoft.Win32.Registry": {
        "type": "Transitive",
        "resolved": "5.0.0",
        "contentHash": "dDoKi0PnDz31yAyETfRntsLArTlVAVzUzCIvvEDsDsucrl33Dl8pIJG06ePTJTI3tGpeyHS9Cq7Foc/s4EeKcg==",
        "dependencies": {
          "System.Security.AccessControl": "5.0.0",
          "System.Security.Principal.Windows": "5.0.0"
        }
      },
      "Microsoft.Win32.SystemEvents": {
        "type": "Transitive",
        "resolved": "7.0.0",
        "contentHash": "2nXPrhdAyAzir0gLl8Yy8S5Mnm/uBSQQA7jEsILOS1MTyS7DbmV1NgViMtvV1sfCD1ebITpNwb1NIinKeJgUVQ=="
      },
      "SQLitePCLRaw.lib.e_sqlite3": {
        "type": "Transitive",
        "resolved": "2.0.2",
        "contentHash": "S+Tsqe/M7wsc+9HeediI6UHtBKf2X586aRwhi1aBVLGe0WxkAo52O9ZxwEy/v8XMLefcrEMupd2e9CDlIT6QCw=="
      },
      "System.Drawing.Common": {
        "type": "Transitive",
        "resolved": "7.0.0",
        "contentHash": "KIX+oBU38pxkKPxvLcLfIkOV5Ien8ReN78wro7OF5/erwcmortzeFx+iBswlh2Vz6gVne0khocQudGwaO1Ey6A==",
        "dependencies": {
          "Microsoft.Win32.SystemEvents": "7.0.0"
        }
      },
      "System.Management": {
        "type": "Transitive",
        "resolved": "5.0.0",
        "contentHash": "MF1CHaRcC+MLFdnDthv4/bKWBZnlnSpkGqa87pKukQefgEdwtb9zFW6zs0GjPp73qtpYYg4q6PEKbzJbxCpKfw==",
        "dependencies": {
          "Microsoft.NETCore.Platforms": "5.0.0",
          "Microsoft.Win32.Registry": "5.0.0",
          "System.CodeDom": "5.0.0"
        }
      },
      "System.Security.AccessControl": {
        "type": "Transitive",
        "resolved": "5.0.0",
        "contentHash": "dagJ1mHZO3Ani8GH0PHpPEe/oYO+rVdbQjvjJkBRNQkX4t0r1iaeGn8+/ybkSLEan3/slM0t59SVdHzuHf2jmw==",
        "dependencies": {
          "Microsoft.NETCore.Platforms": "5.0.0",
          "System.Security.Principal.Windows": "5.0.0"
        }
      },
      "System.Security.Cryptography.ProtectedData": {
        "type": "Transitive",
        "resolved": "5.0.0",
        "contentHash": "HGxMSAFAPLNoxBvSfW08vHde0F9uh7BjASwu6JF9JnXuEPhCY3YUqURn0+bQV/4UWeaqymmrHWV+Aw9riQCtCA=="
      },
      "System.Security.Principal.Windows": {
        "type": "Transitive",
        "resolved": "5.0.0",
        "contentHash": "t0MGLukB5WAVU9bO3MGzvlGnyJPgUlcwerXn1kzBRjwLKixT96XV0Uza41W49gVd8zEMFu9vQEFlv0IOrytICA=="
      },
      "System.Text.Encodings.Web": {
        "type": "Transitive",
        "resolved": "8.0.0-preview.5.23280.8",
        "contentHash": "g4I3rXyyQj4AmsooE1z1nCYjXY712foWowYdCep13QajdgNiVOXSBTij2CbqR6+gryMj/x/cInk2TGcBS79ubw==",
        "dependencies": {
          "System.Runtime.CompilerServices.Unsafe": "6.0.0"
        }
      },
      "System.Windows.Extensions": {
        "type": "Transitive",
        "resolved": "5.0.0",
        "contentHash": "c1ho9WU9ZxMZawML+ssPKZfdnrg/OjR3pe0m9v8230z3acqphwvPJqzAkH54xRYm5ntZHGG1EPP3sux9H3qSPg==",
        "dependencies": {
          "System.Drawing.Common": "5.0.0"
        }
      }
    },
    "net6.0-windows10.0.22000/win10-x86": {
      "FFmpegInteropX": {
        "type": "Direct",
        "requested": "[1.1.0-pre42, )",
        "resolved": "1.1.0-pre42",
        "contentHash": "7hyKEYCENbI0Fm3B+X95eqLP3VHA95BPkmJnWJzH62v5YqhsQZG3ra4/hO1ijYcf/s+k8pAAXzLPaV1QrXP+yw==",
        "dependencies": {
          "FFmpegInteropX.FFmpegUWP": "5.1.100",
          "Microsoft.Graphics.Win2D": "1.0.4"
        }
      },
      "Microsoft.VCRTForwarders.140": {
        "type": "Direct",
        "requested": "[1.0.8-pre, )",
        "resolved": "1.0.8-pre",
        "contentHash": "KhAP4zat4NFaJ2MedW4pM0PpV8dERXdA8VHo0HkNp1NGTVvbn55ixDMsPrqJA5mNS5bnakIq9kOfI/e/jWnqLA=="
      },
      "Microsoft.WindowsAppSDK": {
        "type": "Direct",
        "requested": "[1.3.230502000, )",
        "resolved": "1.3.230502000",
        "contentHash": "0blh8HpYYzhAImeCn6WrSPzx7PEm2O9KWIOz94b5qvgQssZ5TvINpxuIv9iDEf8Jdv9lnkvfpxQgduep378+KQ==",
        "dependencies": {
          "Microsoft.Windows.SDK.BuildTools": "10.0.22621.1"
        }
      },
      "System.Text.Encoding.CodePages": {
        "type": "Direct",
        "requested": "[6.0.0, )",
        "resolved": "6.0.0",
        "contentHash": "ZFCILZuOvtKPauZ/j/swhvw68ZRi9ATCfvGbk1QfydmcXBkIWecWKn/250UH7rahZ5OoDBaiAudJtPvLwzw85A==",
        "dependencies": {
          "System.Runtime.CompilerServices.Unsafe": "6.0.0"
        }
      },
      "FFmpegInteropX.FFmpegUWP": {
        "type": "Transitive",
        "resolved": "5.1.100",
        "contentHash": "Pi+ifqTU3VpkvfTkZIR62+fck22HaA54WJeLyumI/EWgXM+1euSihsTX20oi3aQKQAz8Qh9weNLhntD4g3pmvA=="
      },
      "Microsoft.Graphics.Win2D": {
        "type": "Transitive",
        "resolved": "1.0.4",
        "contentHash": "PmUO0B+gLdbxy1XCmX6pS57SL08roPKZC3sXKSRH4Qa1nX5RKwIdmmIxSvmV9irN57ABSMtDtWa+qNYnyzB/nw==",
        "dependencies": {
          "Microsoft.WindowsAppSDK": "1.0.4"
        }
      },
      "Microsoft.Win32.Registry": {
        "type": "Transitive",
        "resolved": "5.0.0",
        "contentHash": "dDoKi0PnDz31yAyETfRntsLArTlVAVzUzCIvvEDsDsucrl33Dl8pIJG06ePTJTI3tGpeyHS9Cq7Foc/s4EeKcg==",
        "dependencies": {
          "System.Security.AccessControl": "5.0.0",
          "System.Security.Principal.Windows": "5.0.0"
        }
      },
      "Microsoft.Win32.SystemEvents": {
        "type": "Transitive",
        "resolved": "7.0.0",
        "contentHash": "2nXPrhdAyAzir0gLl8Yy8S5Mnm/uBSQQA7jEsILOS1MTyS7DbmV1NgViMtvV1sfCD1ebITpNwb1NIinKeJgUVQ=="
      },
      "SQLitePCLRaw.lib.e_sqlite3": {
        "type": "Transitive",
        "resolved": "2.0.2",
        "contentHash": "S+Tsqe/M7wsc+9HeediI6UHtBKf2X586aRwhi1aBVLGe0WxkAo52O9ZxwEy/v8XMLefcrEMupd2e9CDlIT6QCw=="
      },
      "System.Drawing.Common": {
        "type": "Transitive",
        "resolved": "7.0.0",
        "contentHash": "KIX+oBU38pxkKPxvLcLfIkOV5Ien8ReN78wro7OF5/erwcmortzeFx+iBswlh2Vz6gVne0khocQudGwaO1Ey6A==",
        "dependencies": {
          "Microsoft.Win32.SystemEvents": "7.0.0"
        }
      },
      "System.Management": {
        "type": "Transitive",
        "resolved": "5.0.0",
        "contentHash": "MF1CHaRcC+MLFdnDthv4/bKWBZnlnSpkGqa87pKukQefgEdwtb9zFW6zs0GjPp73qtpYYg4q6PEKbzJbxCpKfw==",
        "dependencies": {
          "Microsoft.NETCore.Platforms": "5.0.0",
          "Microsoft.Win32.Registry": "5.0.0",
          "System.CodeDom": "5.0.0"
        }
      },
      "System.Security.AccessControl": {
        "type": "Transitive",
        "resolved": "5.0.0",
        "contentHash": "dagJ1mHZO3Ani8GH0PHpPEe/oYO+rVdbQjvjJkBRNQkX4t0r1iaeGn8+/ybkSLEan3/slM0t59SVdHzuHf2jmw==",
        "dependencies": {
          "Microsoft.NETCore.Platforms": "5.0.0",
          "System.Security.Principal.Windows": "5.0.0"
        }
      },
      "System.Security.Cryptography.ProtectedData": {
        "type": "Transitive",
        "resolved": "5.0.0",
        "contentHash": "HGxMSAFAPLNoxBvSfW08vHde0F9uh7BjASwu6JF9JnXuEPhCY3YUqURn0+bQV/4UWeaqymmrHWV+Aw9riQCtCA=="
      },
      "System.Security.Principal.Windows": {
        "type": "Transitive",
        "resolved": "5.0.0",
        "contentHash": "t0MGLukB5WAVU9bO3MGzvlGnyJPgUlcwerXn1kzBRjwLKixT96XV0Uza41W49gVd8zEMFu9vQEFlv0IOrytICA=="
      },
      "System.Text.Encodings.Web": {
        "type": "Transitive",
        "resolved": "8.0.0-preview.5.23280.8",
        "contentHash": "g4I3rXyyQj4AmsooE1z1nCYjXY712foWowYdCep13QajdgNiVOXSBTij2CbqR6+gryMj/x/cInk2TGcBS79ubw==",
        "dependencies": {
          "System.Runtime.CompilerServices.Unsafe": "6.0.0"
        }
      },
      "System.Windows.Extensions": {
        "type": "Transitive",
        "resolved": "5.0.0",
        "contentHash": "c1ho9WU9ZxMZawML+ssPKZfdnrg/OjR3pe0m9v8230z3acqphwvPJqzAkH54xRYm5ntZHGG1EPP3sux9H3qSPg==",
        "dependencies": {
          "System.Drawing.Common": "5.0.0"
        }
      }
    }
  }
}